// !$*UTF8*$!
{
	archiveVersion = 1;
	classes = {
	};
	objectVersion = 51;
	objects = {

/* Begin PBXBuildFile section */
		5D0E29EC25E8389600B0452A /* Token.storyboard in Resources */ = {isa = PBXBuildFile; fileRef = 5D0E29EB25E8389600B0452A /* Token.storyboard */; };
		5D41D44525F18BA700E2D096 /* InstructionsFacialPresenter.swift in Sources */ = {isa = PBXBuildFile; fileRef = 5D41D44425F18BA700E2D096 /* InstructionsFacialPresenter.swift */; };
		5D41D44925F18BC700E2D096 /* InstructionsFacialDelegate.swift in Sources */ = {isa = PBXBuildFile; fileRef = 5D41D44825F18BC700E2D096 /* InstructionsFacialDelegate.swift */; };
		5DA0749825E75D3100122F0D /* MAULibrary.h in Headers */ = {isa = PBXBuildFile; fileRef = 5DA0749625E75D3100122F0D /* MAULibrary.h */; settings = {ATTRIBUTES = (Public, ); }; };
		5DA074AF25E75D4C00122F0D /* TokenRequests.swift in Sources */ = {isa = PBXBuildFile; fileRef = 5DA074A225E75D4C00122F0D /* TokenRequests.swift */; };
		5DA074B025E75D4C00122F0D /* ConsumptionRouter.swift in Sources */ = {isa = PBXBuildFile; fileRef = 5DA074A325E75D4C00122F0D /* ConsumptionRouter.swift */; };
		5DA074B125E75D4C00122F0D /* APIConsumption.swift in Sources */ = {isa = PBXBuildFile; fileRef = 5DA074A425E75D4C00122F0D /* APIConsumption.swift */; };
		5DA074B225E75D4C00122F0D /* PrivacyPolicyResponse.swift in Sources */ = {isa = PBXBuildFile; fileRef = 5DA074A725E75D4C00122F0D /* PrivacyPolicyResponse.swift */; };
		5DA074B325E75D4C00122F0D /* ProfileCreationResponse.swift in Sources */ = {isa = PBXBuildFile; fileRef = 5DA074A825E75D4C00122F0D /* ProfileCreationResponse.swift */; };
		5DA074B425E75D4C00122F0D /* ARCOResponse.swift in Sources */ = {isa = PBXBuildFile; fileRef = 5DA074A925E75D4C00122F0D /* ARCOResponse.swift */; };
		5DA074B525E75D4C00122F0D /* PrivacyPolicyStatusResponse.swift in Sources */ = {isa = PBXBuildFile; fileRef = 5DA074AA25E75D4C00122F0D /* PrivacyPolicyStatusResponse.swift */; };
		5DA074B625E75D4C00122F0D /* REUSResponse.swift in Sources */ = {isa = PBXBuildFile; fileRef = 5DA074AB25E75D4C00122F0D /* REUSResponse.swift */; };
		5DA074B725E75D4C00122F0D /* SavePrivacyPolicyResponse.swift in Sources */ = {isa = PBXBuildFile; fileRef = 5DA074AC25E75D4C00122F0D /* SavePrivacyPolicyResponse.swift */; };
		5DA074B825E75D4C00122F0D /* UserRequests.swift in Sources */ = {isa = PBXBuildFile; fileRef = 5DA074AD25E75D4C00122F0D /* UserRequests.swift */; };
		5DA074B925E75D4C00122F0D /* MAUPaths.swift in Sources */ = {isa = PBXBuildFile; fileRef = 5DA074AE25E75D4C00122F0D /* MAUPaths.swift */; };
		5DA0751B25E75D5300122F0D /* EnterTokenPresenter.swift in Sources */ = {isa = PBXBuildFile; fileRef = 5DA074BE25E75D5200122F0D /* EnterTokenPresenter.swift */; };
		5DA0751C25E75D5300122F0D /* SelectAuthenticationMethodPresenter.swift in Sources */ = {isa = PBXBuildFile; fileRef = 5DA074C025E75D5200122F0D /* SelectAuthenticationMethodPresenter.swift */; };
		5DA0751D25E75D5300122F0D /* ContactInformationPresenter.swift in Sources */ = {isa = PBXBuildFile; fileRef = 5DA074C125E75D5200122F0D /* ContactInformationPresenter.swift */; };
		5DA0751E25E75D5300122F0D /* EnterTokenDelegate.swift in Sources */ = {isa = PBXBuildFile; fileRef = 5DA074C425E75D5200122F0D /* EnterTokenDelegate.swift */; };
		5DA0751F25E75D5300122F0D /* ContactInformationDelegate.swift in Sources */ = {isa = PBXBuildFile; fileRef = 5DA074C625E75D5200122F0D /* ContactInformationDelegate.swift */; };
		5DA0752025E75D5300122F0D /* SelectAuthenticationMethodDelegate.swift in Sources */ = {isa = PBXBuildFile; fileRef = 5DA074C725E75D5200122F0D /* SelectAuthenticationMethodDelegate.swift */; };
		5DA0752125E75D5300122F0D /* BaseDelegate.swift in Sources */ = {isa = PBXBuildFile; fileRef = 5DA074C825E75D5200122F0D /* BaseDelegate.swift */; };
		5DA0752225E75D5300122F0D /* Constants.swift in Sources */ = {isa = PBXBuildFile; fileRef = 5DA074CB25E75D5200122F0D /* Constants.swift */; };
		5DA0752325E75D5300122F0D /* Router.swift in Sources */ = {isa = PBXBuildFile; fileRef = 5DA074CC25E75D5200122F0D /* Router.swift */; };
		5DA0752425E75D5300122F0D /* CriticalyMatrixResponse.swift in Sources */ = {isa = PBXBuildFile; fileRef = 5DA074CE25E75D5200122F0D /* CriticalyMatrixResponse.swift */; };
		5DA0752525E75D5300122F0D /* TokenResponse.swift in Sources */ = {isa = PBXBuildFile; fileRef = 5DA074CF25E75D5200122F0D /* TokenResponse.swift */; };
		5DA0752625E75D5300122F0D /* ValidateTokenResponse.swift in Sources */ = {isa = PBXBuildFile; fileRef = 5DA074D025E75D5200122F0D /* ValidateTokenResponse.swift */; };
		5DA0752725E75D5300122F0D /* SMSEmailTokenResponse.swift in Sources */ = {isa = PBXBuildFile; fileRef = 5DA074D125E75D5200122F0D /* SMSEmailTokenResponse.swift */; };
		5DA0752825E75D5300122F0D /* ProfileResponse.swift in Sources */ = {isa = PBXBuildFile; fileRef = 5DA074D225E75D5200122F0D /* ProfileResponse.swift */; };
		5DA0752925E75D5300122F0D /* String.swift in Sources */ = {isa = PBXBuildFile; fileRef = 5DA074D425E75D5200122F0D /* String.swift */; };
		5DA0752A25E75D5300122F0D /* UserDefaults.swift in Sources */ = {isa = PBXBuildFile; fileRef = 5DA074D525E75D5200122F0D /* UserDefaults.swift */; };
		5DA0752B25E75D5300122F0D /* User.swift in Sources */ = {isa = PBXBuildFile; fileRef = 5DA074D725E75D5200122F0D /* User.swift */; };
		5DA0752C25E75D5300122F0D /* Facial.storyboard in Resources */ = {isa = PBXBuildFile; fileRef = 5DA074DA25E75D5300122F0D /* Facial.storyboard */; };
		5DA0752E25E75D5300122F0D /* Initial.storyboard in Resources */ = {isa = PBXBuildFile; fileRef = 5DA074DD25E75D5300122F0D /* Initial.storyboard */; };
		5DA0752F25E75D5300122F0D /* Dialogs.storyboard in Resources */ = {isa = PBXBuildFile; fileRef = 5DA074DE25E75D5300122F0D /* Dialogs.storyboard */; };
		5DA0753025E75D5300122F0D /* Colors.xcassets in Resources */ = {isa = PBXBuildFile; fileRef = 5DA074DF25E75D5300122F0D /* Colors.xcassets */; };
		5DA0753125E75D5300122F0D /* Assets.xcassets in Resources */ = {isa = PBXBuildFile; fileRef = 5DA074E025E75D5300122F0D /* Assets.xcassets */; };
		5DA0753225E75D5300122F0D /* UIView.swift in Sources */ = {isa = PBXBuildFile; fileRef = 5DA074E225E75D5300122F0D /* UIView.swift */; };
		5DA0753325E75D5300122F0D /* UIButton.swift in Sources */ = {isa = PBXBuildFile; fileRef = 5DA074E325E75D5300122F0D /* UIButton.swift */; };
		5DA0753425E75D5300122F0D /* UIImage.swift in Sources */ = {isa = PBXBuildFile; fileRef = 5DA074E425E75D5300122F0D /* UIImage.swift */; };
		5DA0753525E75D5300122F0D /* UIViewController.swift in Sources */ = {isa = PBXBuildFile; fileRef = 5DA074E525E75D5300122F0D /* UIViewController.swift */; };
		5DA0753625E75D5300122F0D /* UILabel.swift in Sources */ = {isa = PBXBuildFile; fileRef = 5DA074E625E75D5300122F0D /* UILabel.swift */; };
		5DA0753725E75D5300122F0D /* SelectTokenWayViewController.swift in Sources */ = {isa = PBXBuildFile; fileRef = 5DA074E925E75D5300122F0D /* SelectTokenWayViewController.swift */; };
		5DA0753825E75D5300122F0D /* EnterTokenViewController.swift in Sources */ = {isa = PBXBuildFile; fileRef = 5DA074EA25E75D5300122F0D /* EnterTokenViewController.swift */; };
		5DA0753925E75D5300122F0D /* TokenPreInformationViewController.swift in Sources */ = {isa = PBXBuildFile; fileRef = 5DA074EB25E75D5300122F0D /* TokenPreInformationViewController.swift */; };
		5DA0753A25E75D5300122F0D /* SelectAuthenticationMethodViewController.swift in Sources */ = {isa = PBXBuildFile; fileRef = 5DA074ED25E75D5300122F0D /* SelectAuthenticationMethodViewController.swift */; };
		5DA0753B25E75D5300122F0D /* ContactInformationViewController.swift in Sources */ = {isa = PBXBuildFile; fileRef = 5DA074EE25E75D5300122F0D /* ContactInformationViewController.swift */; };
		5DA0753C25E75D5300122F0D /* StepsTokenViewController.swift in Sources */ = {isa = PBXBuildFile; fileRef = 5DA074EF25E75D5300122F0D /* StepsTokenViewController.swift */; };
		5DA0753D25E75D5300122F0D /* StepsFacialViewController.swift in Sources */ = {isa = PBXBuildFile; fileRef = 5DA074F025E75D5300122F0D /* StepsFacialViewController.swift */; };
		5DA0753E25E75D5300122F0D /* InstructionsFacialViewController.swift in Sources */ = {isa = PBXBuildFile; fileRef = 5DA074F225E75D5300122F0D /* InstructionsFacialViewController.swift */; };
		5DA0753F25E75D5300122F0D /* MAU.swift in Sources */ = {isa = PBXBuildFile; fileRef = 5DA074F325E75D5300122F0D /* MAU.swift */; };
		5DA0754025E75D5300122F0D /* AuthenticationErrorViewController.swift in Sources */ = {isa = PBXBuildFile; fileRef = 5DA074F525E75D5300122F0D /* AuthenticationErrorViewController.swift */; };
		5DA0754125E75D5300122F0D /* AuthenticationSuccessfulViewController.swift in Sources */ = {isa = PBXBuildFile; fileRef = 5DA074F625E75D5300122F0D /* AuthenticationSuccessfulViewController.swift */; };
		5DA0754225E75D5300122F0D /* LimitExceededTryAnotherViewController.swift in Sources */ = {isa = PBXBuildFile; fileRef = 5DA074F725E75D5300122F0D /* LimitExceededTryAnotherViewController.swift */; };
		5DA0754325E75D5300122F0D /* LimitExceededViewController.swift in Sources */ = {isa = PBXBuildFile; fileRef = 5DA074F825E75D5300122F0D /* LimitExceededViewController.swift */; };
		5DA0754425E75D5300122F0D /* ConnectionErrorViewController.swift in Sources */ = {isa = PBXBuildFile; fileRef = 5DA074F925E75D5300122F0D /* ConnectionErrorViewController.swift */; };
		5DA0754625E75D5300122F0D /* OpenSans-SemiBold.ttf in Resources */ = {isa = PBXBuildFile; fileRef = 5DA074FD25E75D5300122F0D /* OpenSans-SemiBold.ttf */; };
		5DA0754725E75D5300122F0D /* OpenSans-Light.ttf in Resources */ = {isa = PBXBuildFile; fileRef = 5DA074FE25E75D5300122F0D /* OpenSans-Light.ttf */; };
		5DA0754825E75D5300122F0D /* OpenSans-Italic.ttf in Resources */ = {isa = PBXBuildFile; fileRef = 5DA074FF25E75D5300122F0D /* OpenSans-Italic.ttf */; };
		5DA0754925E75D5300122F0D /* OpenSans-ExtraBold.ttf in Resources */ = {isa = PBXBuildFile; fileRef = 5DA0750025E75D5300122F0D /* OpenSans-ExtraBold.ttf */; };
		5DA0754A25E75D5300122F0D /* OpenSans-LightItalic.ttf in Resources */ = {isa = PBXBuildFile; fileRef = 5DA0750125E75D5300122F0D /* OpenSans-LightItalic.ttf */; };
		5DA0754B25E75D5300122F0D /* OpenSans-Bold.ttf in Resources */ = {isa = PBXBuildFile; fileRef = 5DA0750225E75D5300122F0D /* OpenSans-Bold.ttf */; };
		5DA0754C25E75D5300122F0D /* OpenSans-SemiBoldItalic.ttf in Resources */ = {isa = PBXBuildFile; fileRef = 5DA0750325E75D5300122F0D /* OpenSans-SemiBoldItalic.ttf */; };
		5DA0754D25E75D5300122F0D /* OpenSans-ExtraBoldItalic.ttf in Resources */ = {isa = PBXBuildFile; fileRef = 5DA0750425E75D5300122F0D /* OpenSans-ExtraBoldItalic.ttf */; };
		5DA0754E25E75D5300122F0D /* OpenSans-Regular.ttf in Resources */ = {isa = PBXBuildFile; fileRef = 5DA0750525E75D5300122F0D /* OpenSans-Regular.ttf */; };
		5DA0754F25E75D5300122F0D /* OpenSans-BoldItalic.ttf in Resources */ = {isa = PBXBuildFile; fileRef = 5DA0750625E75D5300122F0D /* OpenSans-BoldItalic.ttf */; };
		5DA0755025E75D5300122F0D /* Roboto-Medium.ttf in Resources */ = {isa = PBXBuildFile; fileRef = 5DA0750825E75D5300122F0D /* Roboto-Medium.ttf */; };
		5DA0755125E75D5300122F0D /* Roboto-Light.ttf in Resources */ = {isa = PBXBuildFile; fileRef = 5DA0750925E75D5300122F0D /* Roboto-Light.ttf */; };
		5DA0755225E75D5300122F0D /* Roboto-Regular.ttf in Resources */ = {isa = PBXBuildFile; fileRef = 5DA0750A25E75D5300122F0D /* Roboto-Regular.ttf */; };
		5DA0755325E75D5300122F0D /* Roboto-MediumItalic.ttf in Resources */ = {isa = PBXBuildFile; fileRef = 5DA0750B25E75D5300122F0D /* Roboto-MediumItalic.ttf */; };
		5DA0755425E75D5300122F0D /* Roboto-ThinItalic.ttf in Resources */ = {isa = PBXBuildFile; fileRef = 5DA0750C25E75D5300122F0D /* Roboto-ThinItalic.ttf */; };
		5DA0755525E75D5300122F0D /* Roboto-BoldItalic.ttf in Resources */ = {isa = PBXBuildFile; fileRef = 5DA0750D25E75D5300122F0D /* Roboto-BoldItalic.ttf */; };
		5DA0755625E75D5300122F0D /* Roboto-LightItalic.ttf in Resources */ = {isa = PBXBuildFile; fileRef = 5DA0750E25E75D5300122F0D /* Roboto-LightItalic.ttf */; };
		5DA0755725E75D5300122F0D /* Roboto-Italic.ttf in Resources */ = {isa = PBXBuildFile; fileRef = 5DA0750F25E75D5300122F0D /* Roboto-Italic.ttf */; };
		5DA0755825E75D5300122F0D /* Roboto-BlackItalic.ttf in Resources */ = {isa = PBXBuildFile; fileRef = 5DA0751025E75D5300122F0D /* Roboto-BlackItalic.ttf */; };
		5DA0755925E75D5300122F0D /* Roboto-Bold.ttf in Resources */ = {isa = PBXBuildFile; fileRef = 5DA0751125E75D5300122F0D /* Roboto-Bold.ttf */; };
		5DA0755A25E75D5300122F0D /* Roboto-Thin.ttf in Resources */ = {isa = PBXBuildFile; fileRef = 5DA0751225E75D5300122F0D /* Roboto-Thin.ttf */; };
		5DA0755B25E75D5300122F0D /* Roboto-Black.ttf in Resources */ = {isa = PBXBuildFile; fileRef = 5DA0751325E75D5300122F0D /* Roboto-Black.ttf */; };
		5DA0755C25E75D5300122F0D /* UINavigationBar.swift in Sources */ = {isa = PBXBuildFile; fileRef = 5DA0751525E75D5300122F0D /* UINavigationBar.swift */; };
		5DA0755D25E75D5300122F0D /* LoaderAnimation.swift in Sources */ = {isa = PBXBuildFile; fileRef = 5DA0751625E75D5300122F0D /* LoaderAnimation.swift */; };
		5DA0755E25E75D5300122F0D /* AppStoryboard.swift in Sources */ = {isa = PBXBuildFile; fileRef = 5DA0751725E75D5300122F0D /* AppStoryboard.swift */; };
		5DA0755F25E75D5300122F0D /* profuturoAnimation.json in Resources */ = {isa = PBXBuildFile; fileRef = 5DA0751925E75D5300122F0D /* profuturoAnimation.json */; };
		5DD95E2D25F173B700C82656 /* DailyAttemptsResponse.swift in Sources */ = {isa = PBXBuildFile; fileRef = 5DD95E2C25F173B700C82656 /* DailyAttemptsResponse.swift */; };
/* End PBXBuildFile section */

/* Begin PBXFileReference section */
		5D0E29EB25E8389600B0452A /* Token.storyboard */ = {isa = PBXFileReference; lastKnownFileType = file.storyboard; path = Token.storyboard; sourceTree = "<group>"; };
		5D41D44425F18BA700E2D096 /* InstructionsFacialPresenter.swift */ = {isa = PBXFileReference; lastKnownFileType = sourcecode.swift; path = InstructionsFacialPresenter.swift; sourceTree = "<group>"; };
		5D41D44825F18BC700E2D096 /* InstructionsFacialDelegate.swift */ = {isa = PBXFileReference; lastKnownFileType = sourcecode.swift; path = InstructionsFacialDelegate.swift; sourceTree = "<group>"; };
		5DA0749325E75D3100122F0D /* MAULibrary.framework */ = {isa = PBXFileReference; explicitFileType = wrapper.framework; includeInIndex = 0; path = MAULibrary.framework; sourceTree = BUILT_PRODUCTS_DIR; };
		5DA0749625E75D3100122F0D /* MAULibrary.h */ = {isa = PBXFileReference; lastKnownFileType = sourcecode.c.h; path = MAULibrary.h; sourceTree = "<group>"; };
		5DA0749725E75D3100122F0D /* Info.plist */ = {isa = PBXFileReference; lastKnownFileType = text.plist.xml; path = Info.plist; sourceTree = "<group>"; };
		5DA074A225E75D4C00122F0D /* TokenRequests.swift */ = {isa = PBXFileReference; fileEncoding = 4; lastKnownFileType = sourcecode.swift; path = TokenRequests.swift; sourceTree = "<group>"; };
		5DA074A325E75D4C00122F0D /* ConsumptionRouter.swift */ = {isa = PBXFileReference; fileEncoding = 4; lastKnownFileType = sourcecode.swift; path = ConsumptionRouter.swift; sourceTree = "<group>"; };
		5DA074A425E75D4C00122F0D /* APIConsumption.swift */ = {isa = PBXFileReference; fileEncoding = 4; lastKnownFileType = sourcecode.swift; path = APIConsumption.swift; sourceTree = "<group>"; };
		5DA074A725E75D4C00122F0D /* PrivacyPolicyResponse.swift */ = {isa = PBXFileReference; fileEncoding = 4; lastKnownFileType = sourcecode.swift; path = PrivacyPolicyResponse.swift; sourceTree = "<group>"; };
		5DA074A825E75D4C00122F0D /* ProfileCreationResponse.swift */ = {isa = PBXFileReference; fileEncoding = 4; lastKnownFileType = sourcecode.swift; path = ProfileCreationResponse.swift; sourceTree = "<group>"; };
		5DA074A925E75D4C00122F0D /* ARCOResponse.swift */ = {isa = PBXFileReference; fileEncoding = 4; lastKnownFileType = sourcecode.swift; path = ARCOResponse.swift; sourceTree = "<group>"; };
		5DA074AA25E75D4C00122F0D /* PrivacyPolicyStatusResponse.swift */ = {isa = PBXFileReference; fileEncoding = 4; lastKnownFileType = sourcecode.swift; path = PrivacyPolicyStatusResponse.swift; sourceTree = "<group>"; };
		5DA074AB25E75D4C00122F0D /* REUSResponse.swift */ = {isa = PBXFileReference; fileEncoding = 4; lastKnownFileType = sourcecode.swift; path = REUSResponse.swift; sourceTree = "<group>"; };
		5DA074AC25E75D4C00122F0D /* SavePrivacyPolicyResponse.swift */ = {isa = PBXFileReference; fileEncoding = 4; lastKnownFileType = sourcecode.swift; path = SavePrivacyPolicyResponse.swift; sourceTree = "<group>"; };
		5DA074AD25E75D4C00122F0D /* UserRequests.swift */ = {isa = PBXFileReference; fileEncoding = 4; lastKnownFileType = sourcecode.swift; path = UserRequests.swift; sourceTree = "<group>"; };
		5DA074AE25E75D4C00122F0D /* MAUPaths.swift */ = {isa = PBXFileReference; fileEncoding = 4; lastKnownFileType = sourcecode.swift; path = MAUPaths.swift; sourceTree = "<group>"; };
		5DA074BE25E75D5200122F0D /* EnterTokenPresenter.swift */ = {isa = PBXFileReference; fileEncoding = 4; lastKnownFileType = sourcecode.swift; path = EnterTokenPresenter.swift; sourceTree = "<group>"; };
		5DA074C025E75D5200122F0D /* SelectAuthenticationMethodPresenter.swift */ = {isa = PBXFileReference; fileEncoding = 4; lastKnownFileType = sourcecode.swift; path = SelectAuthenticationMethodPresenter.swift; sourceTree = "<group>"; };
		5DA074C125E75D5200122F0D /* ContactInformationPresenter.swift */ = {isa = PBXFileReference; fileEncoding = 4; lastKnownFileType = sourcecode.swift; path = ContactInformationPresenter.swift; sourceTree = "<group>"; };
		5DA074C425E75D5200122F0D /* EnterTokenDelegate.swift */ = {isa = PBXFileReference; fileEncoding = 4; lastKnownFileType = sourcecode.swift; path = EnterTokenDelegate.swift; sourceTree = "<group>"; };
		5DA074C625E75D5200122F0D /* ContactInformationDelegate.swift */ = {isa = PBXFileReference; fileEncoding = 4; lastKnownFileType = sourcecode.swift; path = ContactInformationDelegate.swift; sourceTree = "<group>"; };
		5DA074C725E75D5200122F0D /* SelectAuthenticationMethodDelegate.swift */ = {isa = PBXFileReference; fileEncoding = 4; lastKnownFileType = sourcecode.swift; path = SelectAuthenticationMethodDelegate.swift; sourceTree = "<group>"; };
		5DA074C825E75D5200122F0D /* BaseDelegate.swift */ = {isa = PBXFileReference; fileEncoding = 4; lastKnownFileType = sourcecode.swift; path = BaseDelegate.swift; sourceTree = "<group>"; };
		5DA074CB25E75D5200122F0D /* Constants.swift */ = {isa = PBXFileReference; fileEncoding = 4; lastKnownFileType = sourcecode.swift; path = Constants.swift; sourceTree = "<group>"; };
		5DA074CC25E75D5200122F0D /* Router.swift */ = {isa = PBXFileReference; fileEncoding = 4; lastKnownFileType = sourcecode.swift; path = Router.swift; sourceTree = "<group>"; };
		5DA074CE25E75D5200122F0D /* CriticalyMatrixResponse.swift */ = {isa = PBXFileReference; fileEncoding = 4; lastKnownFileType = sourcecode.swift; path = CriticalyMatrixResponse.swift; sourceTree = "<group>"; };
		5DA074CF25E75D5200122F0D /* TokenResponse.swift */ = {isa = PBXFileReference; fileEncoding = 4; lastKnownFileType = sourcecode.swift; path = TokenResponse.swift; sourceTree = "<group>"; };
		5DA074D025E75D5200122F0D /* ValidateTokenResponse.swift */ = {isa = PBXFileReference; fileEncoding = 4; lastKnownFileType = sourcecode.swift; path = ValidateTokenResponse.swift; sourceTree = "<group>"; };
		5DA074D125E75D5200122F0D /* SMSEmailTokenResponse.swift */ = {isa = PBXFileReference; fileEncoding = 4; lastKnownFileType = sourcecode.swift; path = SMSEmailTokenResponse.swift; sourceTree = "<group>"; };
		5DA074D225E75D5200122F0D /* ProfileResponse.swift */ = {isa = PBXFileReference; fileEncoding = 4; lastKnownFileType = sourcecode.swift; path = ProfileResponse.swift; sourceTree = "<group>"; };
		5DA074D425E75D5200122F0D /* String.swift */ = {isa = PBXFileReference; fileEncoding = 4; lastKnownFileType = sourcecode.swift; path = String.swift; sourceTree = "<group>"; };
		5DA074D525E75D5200122F0D /* UserDefaults.swift */ = {isa = PBXFileReference; fileEncoding = 4; lastKnownFileType = sourcecode.swift; path = UserDefaults.swift; sourceTree = "<group>"; };
		5DA074D725E75D5200122F0D /* User.swift */ = {isa = PBXFileReference; fileEncoding = 4; lastKnownFileType = sourcecode.swift; path = User.swift; sourceTree = "<group>"; };
		5DA074DA25E75D5300122F0D /* Facial.storyboard */ = {isa = PBXFileReference; fileEncoding = 4; lastKnownFileType = file.storyboard; path = Facial.storyboard; sourceTree = "<group>"; };
		5DA074DD25E75D5300122F0D /* Initial.storyboard */ = {isa = PBXFileReference; fileEncoding = 4; lastKnownFileType = file.storyboard; path = Initial.storyboard; sourceTree = "<group>"; };
		5DA074DE25E75D5300122F0D /* Dialogs.storyboard */ = {isa = PBXFileReference; fileEncoding = 4; lastKnownFileType = file.storyboard; path = Dialogs.storyboard; sourceTree = "<group>"; };
		5DA074DF25E75D5300122F0D /* Colors.xcassets */ = {isa = PBXFileReference; lastKnownFileType = folder.assetcatalog; path = Colors.xcassets; sourceTree = "<group>"; };
		5DA074E025E75D5300122F0D /* Assets.xcassets */ = {isa = PBXFileReference; lastKnownFileType = folder.assetcatalog; path = Assets.xcassets; sourceTree = "<group>"; };
		5DA074E225E75D5300122F0D /* UIView.swift */ = {isa = PBXFileReference; fileEncoding = 4; lastKnownFileType = sourcecode.swift; path = UIView.swift; sourceTree = "<group>"; };
		5DA074E325E75D5300122F0D /* UIButton.swift */ = {isa = PBXFileReference; fileEncoding = 4; lastKnownFileType = sourcecode.swift; path = UIButton.swift; sourceTree = "<group>"; };
		5DA074E425E75D5300122F0D /* UIImage.swift */ = {isa = PBXFileReference; fileEncoding = 4; lastKnownFileType = sourcecode.swift; path = UIImage.swift; sourceTree = "<group>"; };
		5DA074E525E75D5300122F0D /* UIViewController.swift */ = {isa = PBXFileReference; fileEncoding = 4; lastKnownFileType = sourcecode.swift; path = UIViewController.swift; sourceTree = "<group>"; };
		5DA074E625E75D5300122F0D /* UILabel.swift */ = {isa = PBXFileReference; fileEncoding = 4; lastKnownFileType = sourcecode.swift; path = UILabel.swift; sourceTree = "<group>"; };
		5DA074E925E75D5300122F0D /* SelectTokenWayViewController.swift */ = {isa = PBXFileReference; fileEncoding = 4; lastKnownFileType = sourcecode.swift; path = SelectTokenWayViewController.swift; sourceTree = "<group>"; };
		5DA074EA25E75D5300122F0D /* EnterTokenViewController.swift */ = {isa = PBXFileReference; fileEncoding = 4; lastKnownFileType = sourcecode.swift; path = EnterTokenViewController.swift; sourceTree = "<group>"; };
		5DA074EB25E75D5300122F0D /* TokenPreInformationViewController.swift */ = {isa = PBXFileReference; fileEncoding = 4; lastKnownFileType = sourcecode.swift; path = TokenPreInformationViewController.swift; sourceTree = "<group>"; };
		5DA074ED25E75D5300122F0D /* SelectAuthenticationMethodViewController.swift */ = {isa = PBXFileReference; fileEncoding = 4; lastKnownFileType = sourcecode.swift; path = SelectAuthenticationMethodViewController.swift; sourceTree = "<group>"; };
		5DA074EE25E75D5300122F0D /* ContactInformationViewController.swift */ = {isa = PBXFileReference; fileEncoding = 4; lastKnownFileType = sourcecode.swift; path = ContactInformationViewController.swift; sourceTree = "<group>"; };
		5DA074EF25E75D5300122F0D /* StepsTokenViewController.swift */ = {isa = PBXFileReference; fileEncoding = 4; lastKnownFileType = sourcecode.swift; path = StepsTokenViewController.swift; sourceTree = "<group>"; };
		5DA074F025E75D5300122F0D /* StepsFacialViewController.swift */ = {isa = PBXFileReference; fileEncoding = 4; lastKnownFileType = sourcecode.swift; path = StepsFacialViewController.swift; sourceTree = "<group>"; };
		5DA074F225E75D5300122F0D /* InstructionsFacialViewController.swift */ = {isa = PBXFileReference; fileEncoding = 4; lastKnownFileType = sourcecode.swift; path = InstructionsFacialViewController.swift; sourceTree = "<group>"; };
		5DA074F325E75D5300122F0D /* MAU.swift */ = {isa = PBXFileReference; fileEncoding = 4; lastKnownFileType = sourcecode.swift; path = MAU.swift; sourceTree = "<group>"; };
		5DA074F525E75D5300122F0D /* AuthenticationErrorViewController.swift */ = {isa = PBXFileReference; fileEncoding = 4; lastKnownFileType = sourcecode.swift; path = AuthenticationErrorViewController.swift; sourceTree = "<group>"; };
		5DA074F625E75D5300122F0D /* AuthenticationSuccessfulViewController.swift */ = {isa = PBXFileReference; fileEncoding = 4; lastKnownFileType = sourcecode.swift; path = AuthenticationSuccessfulViewController.swift; sourceTree = "<group>"; };
		5DA074F725E75D5300122F0D /* LimitExceededTryAnotherViewController.swift */ = {isa = PBXFileReference; fileEncoding = 4; lastKnownFileType = sourcecode.swift; path = LimitExceededTryAnotherViewController.swift; sourceTree = "<group>"; };
		5DA074F825E75D5300122F0D /* LimitExceededViewController.swift */ = {isa = PBXFileReference; fileEncoding = 4; lastKnownFileType = sourcecode.swift; path = LimitExceededViewController.swift; sourceTree = "<group>"; };
		5DA074F925E75D5300122F0D /* ConnectionErrorViewController.swift */ = {isa = PBXFileReference; fileEncoding = 4; lastKnownFileType = sourcecode.swift; path = ConnectionErrorViewController.swift; sourceTree = "<group>"; };
		5DA074FD25E75D5300122F0D /* OpenSans-SemiBold.ttf */ = {isa = PBXFileReference; lastKnownFileType = file; path = "OpenSans-SemiBold.ttf"; sourceTree = "<group>"; };
		5DA074FE25E75D5300122F0D /* OpenSans-Light.ttf */ = {isa = PBXFileReference; lastKnownFileType = file; path = "OpenSans-Light.ttf"; sourceTree = "<group>"; };
		5DA074FF25E75D5300122F0D /* OpenSans-Italic.ttf */ = {isa = PBXFileReference; lastKnownFileType = file; path = "OpenSans-Italic.ttf"; sourceTree = "<group>"; };
		5DA0750025E75D5300122F0D /* OpenSans-ExtraBold.ttf */ = {isa = PBXFileReference; lastKnownFileType = file; path = "OpenSans-ExtraBold.ttf"; sourceTree = "<group>"; };
		5DA0750125E75D5300122F0D /* OpenSans-LightItalic.ttf */ = {isa = PBXFileReference; lastKnownFileType = file; path = "OpenSans-LightItalic.ttf"; sourceTree = "<group>"; };
		5DA0750225E75D5300122F0D /* OpenSans-Bold.ttf */ = {isa = PBXFileReference; lastKnownFileType = file; path = "OpenSans-Bold.ttf"; sourceTree = "<group>"; };
		5DA0750325E75D5300122F0D /* OpenSans-SemiBoldItalic.ttf */ = {isa = PBXFileReference; lastKnownFileType = file; path = "OpenSans-SemiBoldItalic.ttf"; sourceTree = "<group>"; };
		5DA0750425E75D5300122F0D /* OpenSans-ExtraBoldItalic.ttf */ = {isa = PBXFileReference; lastKnownFileType = file; path = "OpenSans-ExtraBoldItalic.ttf"; sourceTree = "<group>"; };
		5DA0750525E75D5300122F0D /* OpenSans-Regular.ttf */ = {isa = PBXFileReference; lastKnownFileType = file; path = "OpenSans-Regular.ttf"; sourceTree = "<group>"; };
		5DA0750625E75D5300122F0D /* OpenSans-BoldItalic.ttf */ = {isa = PBXFileReference; lastKnownFileType = file; path = "OpenSans-BoldItalic.ttf"; sourceTree = "<group>"; };
		5DA0750825E75D5300122F0D /* Roboto-Medium.ttf */ = {isa = PBXFileReference; lastKnownFileType = file; path = "Roboto-Medium.ttf"; sourceTree = "<group>"; };
		5DA0750925E75D5300122F0D /* Roboto-Light.ttf */ = {isa = PBXFileReference; lastKnownFileType = file; path = "Roboto-Light.ttf"; sourceTree = "<group>"; };
		5DA0750A25E75D5300122F0D /* Roboto-Regular.ttf */ = {isa = PBXFileReference; lastKnownFileType = file; path = "Roboto-Regular.ttf"; sourceTree = "<group>"; };
		5DA0750B25E75D5300122F0D /* Roboto-MediumItalic.ttf */ = {isa = PBXFileReference; lastKnownFileType = file; path = "Roboto-MediumItalic.ttf"; sourceTree = "<group>"; };
		5DA0750C25E75D5300122F0D /* Roboto-ThinItalic.ttf */ = {isa = PBXFileReference; lastKnownFileType = file; path = "Roboto-ThinItalic.ttf"; sourceTree = "<group>"; };
		5DA0750D25E75D5300122F0D /* Roboto-BoldItalic.ttf */ = {isa = PBXFileReference; lastKnownFileType = file; path = "Roboto-BoldItalic.ttf"; sourceTree = "<group>"; };
		5DA0750E25E75D5300122F0D /* Roboto-LightItalic.ttf */ = {isa = PBXFileReference; lastKnownFileType = file; path = "Roboto-LightItalic.ttf"; sourceTree = "<group>"; };
		5DA0750F25E75D5300122F0D /* Roboto-Italic.ttf */ = {isa = PBXFileReference; lastKnownFileType = file; path = "Roboto-Italic.ttf"; sourceTree = "<group>"; };
		5DA0751025E75D5300122F0D /* Roboto-BlackItalic.ttf */ = {isa = PBXFileReference; lastKnownFileType = file; path = "Roboto-BlackItalic.ttf"; sourceTree = "<group>"; };
		5DA0751125E75D5300122F0D /* Roboto-Bold.ttf */ = {isa = PBXFileReference; lastKnownFileType = file; path = "Roboto-Bold.ttf"; sourceTree = "<group>"; };
		5DA0751225E75D5300122F0D /* Roboto-Thin.ttf */ = {isa = PBXFileReference; lastKnownFileType = file; path = "Roboto-Thin.ttf"; sourceTree = "<group>"; };
		5DA0751325E75D5300122F0D /* Roboto-Black.ttf */ = {isa = PBXFileReference; lastKnownFileType = file; path = "Roboto-Black.ttf"; sourceTree = "<group>"; };
		5DA0751525E75D5300122F0D /* UINavigationBar.swift */ = {isa = PBXFileReference; fileEncoding = 4; lastKnownFileType = sourcecode.swift; path = UINavigationBar.swift; sourceTree = "<group>"; };
		5DA0751625E75D5300122F0D /* LoaderAnimation.swift */ = {isa = PBXFileReference; fileEncoding = 4; lastKnownFileType = sourcecode.swift; path = LoaderAnimation.swift; sourceTree = "<group>"; };
		5DA0751725E75D5300122F0D /* AppStoryboard.swift */ = {isa = PBXFileReference; fileEncoding = 4; lastKnownFileType = sourcecode.swift; path = AppStoryboard.swift; sourceTree = "<group>"; };
		5DA0751925E75D5300122F0D /* profuturoAnimation.json */ = {isa = PBXFileReference; fileEncoding = 4; lastKnownFileType = text.json; path = profuturoAnimation.json; sourceTree = "<group>"; };
		5DD95E2C25F173B700C82656 /* DailyAttemptsResponse.swift */ = {isa = PBXFileReference; lastKnownFileType = sourcecode.swift; path = DailyAttemptsResponse.swift; sourceTree = "<group>"; };
/* End PBXFileReference section */

/* Begin PBXFrameworksBuildPhase section */
		5DA0749025E75D3100122F0D /* Frameworks */ = {
			isa = PBXFrameworksBuildPhase;
			buildActionMask = 2147483647;
			files = (
			);
			runOnlyForDeploymentPostprocessing = 0;
		};
/* End PBXFrameworksBuildPhase section */

/* Begin PBXGroup section */
		5D41D44325F18B9C00E2D096 /* Facial */ = {
			isa = PBXGroup;
			children = (
				5D41D44425F18BA700E2D096 /* InstructionsFacialPresenter.swift */,
			);
			path = Facial;
			sourceTree = "<group>";
		};
		5D41D44B25F18BCD00E2D096 /* Facial */ = {
			isa = PBXGroup;
			children = (
				5D41D44825F18BC700E2D096 /* InstructionsFacialDelegate.swift */,
			);
			path = Facial;
			sourceTree = "<group>";
		};
		5DA0748925E75D3100122F0D = {
			isa = PBXGroup;
			children = (
				5DA0749525E75D3100122F0D /* MAULibrary */,
				5DA0749425E75D3100122F0D /* Products */,
			);
			sourceTree = "<group>";
		};
		5DA0749425E75D3100122F0D /* Products */ = {
			isa = PBXGroup;
			children = (
				5DA0749325E75D3100122F0D /* MAULibrary.framework */,
			);
			name = Products;
			sourceTree = "<group>";
		};
		5DA0749525E75D3100122F0D /* MAULibrary */ = {
			isa = PBXGroup;
			children = (
				5DA074C925E75D5200122F0D /* Model */,
				5DA074BB25E75D5200122F0D /* Presenter */,
				5DA074D825E75D5300122F0D /* View */,
				5DA0749F25E75D4C00122F0D /* MAUConsumption */,
				5DA0749625E75D3100122F0D /* MAULibrary.h */,
				5DA0749725E75D3100122F0D /* Info.plist */,
			);
			path = MAULibrary;
			sourceTree = "<group>";
		};
		5DA0749F25E75D4C00122F0D /* MAUConsumption */ = {
			isa = PBXGroup;
			children = (
				5DA074A025E75D4C00122F0D /* Token */,
				5DA074A325E75D4C00122F0D /* ConsumptionRouter.swift */,
				5DA074A425E75D4C00122F0D /* APIConsumption.swift */,
				5DA074A525E75D4C00122F0D /* User */,
				5DA074AE25E75D4C00122F0D /* MAUPaths.swift */,
			);
			path = MAUConsumption;
			sourceTree = "<group>";
		};
		5DA074A025E75D4C00122F0D /* Token */ = {
			isa = PBXGroup;
			children = (
				5DA074A225E75D4C00122F0D /* TokenRequests.swift */,
			);
			path = Token;
			sourceTree = "<group>";
		};
		5DA074A525E75D4C00122F0D /* User */ = {
			isa = PBXGroup;
			children = (
				5DA074A625E75D4C00122F0D /* Responses */,
				5DA074AD25E75D4C00122F0D /* UserRequests.swift */,
			);
			path = User;
			sourceTree = "<group>";
		};
		5DA074A625E75D4C00122F0D /* Responses */ = {
			isa = PBXGroup;
			children = (
				5DA074A725E75D4C00122F0D /* PrivacyPolicyResponse.swift */,
				5DA074A825E75D4C00122F0D /* ProfileCreationResponse.swift */,
				5DA074A925E75D4C00122F0D /* ARCOResponse.swift */,
				5DA074AA25E75D4C00122F0D /* PrivacyPolicyStatusResponse.swift */,
				5DA074AB25E75D4C00122F0D /* REUSResponse.swift */,
				5DA074AC25E75D4C00122F0D /* SavePrivacyPolicyResponse.swift */,
			);
			path = Responses;
			sourceTree = "<group>";
		};
		5DA074BB25E75D5200122F0D /* Presenter */ = {
			isa = PBXGroup;
			children = (
				5DA074BC25E75D5200122F0D /* Presenters */,
				5DA074C225E75D5200122F0D /* Delegates */,
			);
			path = Presenter;
			sourceTree = "<group>";
		};
		5DA074BC25E75D5200122F0D /* Presenters */ = {
			isa = PBXGroup;
			children = (
				5D41D44325F18B9C00E2D096 /* Facial */,
				5DA074BD25E75D5200122F0D /* Token */,
				5DA074BF25E75D5200122F0D /* Initial */,
			);
			path = Presenters;
			sourceTree = "<group>";
		};
		5DA074BD25E75D5200122F0D /* Token */ = {
			isa = PBXGroup;
			children = (
				5DA074BE25E75D5200122F0D /* EnterTokenPresenter.swift */,
			);
			path = Token;
			sourceTree = "<group>";
		};
		5DA074BF25E75D5200122F0D /* Initial */ = {
			isa = PBXGroup;
			children = (
				5DA074C025E75D5200122F0D /* SelectAuthenticationMethodPresenter.swift */,
				5DA074C125E75D5200122F0D /* ContactInformationPresenter.swift */,
			);
			path = Initial;
			sourceTree = "<group>";
		};
		5DA074C225E75D5200122F0D /* Delegates */ = {
			isa = PBXGroup;
			children = (
				5D41D44B25F18BCD00E2D096 /* Facial */,
				5DA074C325E75D5200122F0D /* Token */,
				5DA074C525E75D5200122F0D /* Initial */,
				5DA074C825E75D5200122F0D /* BaseDelegate.swift */,
			);
			path = Delegates;
			sourceTree = "<group>";
		};
		5DA074C325E75D5200122F0D /* Token */ = {
			isa = PBXGroup;
			children = (
				5DA074C425E75D5200122F0D /* EnterTokenDelegate.swift */,
			);
			path = Token;
			sourceTree = "<group>";
		};
		5DA074C525E75D5200122F0D /* Initial */ = {
			isa = PBXGroup;
			children = (
				5DA074C625E75D5200122F0D /* ContactInformationDelegate.swift */,
				5DA074C725E75D5200122F0D /* SelectAuthenticationMethodDelegate.swift */,
			);
			path = Initial;
			sourceTree = "<group>";
		};
		5DA074C925E75D5200122F0D /* Model */ = {
			isa = PBXGroup;
			children = (
				5DA074CA25E75D5200122F0D /* Network */,
				5DA074CD25E75D5200122F0D /* Responses */,
				5DA074D325E75D5200122F0D /* Extensions */,
				5DA074D625E75D5200122F0D /* Data */,
			);
			path = Model;
			sourceTree = "<group>";
		};
		5DA074CA25E75D5200122F0D /* Network */ = {
			isa = PBXGroup;
			children = (
				5DA074CB25E75D5200122F0D /* Constants.swift */,
				5DA074CC25E75D5200122F0D /* Router.swift */,
			);
			path = Network;
			sourceTree = "<group>";
		};
		5DA074CD25E75D5200122F0D /* Responses */ = {
			isa = PBXGroup;
			children = (
				5DA074CE25E75D5200122F0D /* CriticalyMatrixResponse.swift */,
				5DA074CF25E75D5200122F0D /* TokenResponse.swift */,
				5DA074D025E75D5200122F0D /* ValidateTokenResponse.swift */,
				5DA074D125E75D5200122F0D /* SMSEmailTokenResponse.swift */,
				5DA074D225E75D5200122F0D /* ProfileResponse.swift */,
				5DD95E2C25F173B700C82656 /* DailyAttemptsResponse.swift */,
			);
			path = Responses;
			sourceTree = "<group>";
		};
		5DA074D325E75D5200122F0D /* Extensions */ = {
			isa = PBXGroup;
			children = (
				5DA074D425E75D5200122F0D /* String.swift */,
				5DA074D525E75D5200122F0D /* UserDefaults.swift */,
			);
			path = Extensions;
			sourceTree = "<group>";
		};
		5DA074D625E75D5200122F0D /* Data */ = {
			isa = PBXGroup;
			children = (
				5DA074D725E75D5200122F0D /* User.swift */,
			);
			path = Data;
			sourceTree = "<group>";
		};
		5DA074D825E75D5300122F0D /* View */ = {
			isa = PBXGroup;
			children = (
				5DA074D925E75D5300122F0D /* Storyboards */,
				5DA074DF25E75D5300122F0D /* Colors.xcassets */,
				5DA074E025E75D5300122F0D /* Assets.xcassets */,
				5DA074E125E75D5300122F0D /* Extensions */,
				5DA074E725E75D5300122F0D /* ViewControllers */,
				5DA074FB25E75D5300122F0D /* Fonts */,
				5DA0751425E75D5300122F0D /* Helpers */,
				5DA0751825E75D5300122F0D /* Animations */,
			);
			path = View;
			sourceTree = "<group>";
		};
		5DA074D925E75D5300122F0D /* Storyboards */ = {
			isa = PBXGroup;
			children = (
				5DA074DA25E75D5300122F0D /* Facial.storyboard */,
				5DA074DD25E75D5300122F0D /* Initial.storyboard */,
				5DA074DE25E75D5300122F0D /* Dialogs.storyboard */,
				5D0E29EB25E8389600B0452A /* Token.storyboard */,
			);
			path = Storyboards;
			sourceTree = "<group>";
		};
		5DA074E125E75D5300122F0D /* Extensions */ = {
			isa = PBXGroup;
			children = (
				5DA074E225E75D5300122F0D /* UIView.swift */,
				5DA074E325E75D5300122F0D /* UIButton.swift */,
				5DA074E425E75D5300122F0D /* UIImage.swift */,
				5DA074E525E75D5300122F0D /* UIViewController.swift */,
				5DA074E625E75D5300122F0D /* UILabel.swift */,
			);
			path = Extensions;
			sourceTree = "<group>";
		};
		5DA074E725E75D5300122F0D /* ViewControllers */ = {
			isa = PBXGroup;
			children = (
				5DA074E825E75D5300122F0D /* Token */,
				5DA074EC25E75D5300122F0D /* Initial */,
				5DA074F125E75D5300122F0D /* Facial */,
				5DA074F325E75D5300122F0D /* MAU.swift */,
				5DA074F425E75D5300122F0D /* Dialogs */,
			);
			path = ViewControllers;
			sourceTree = "<group>";
		};
		5DA074E825E75D5300122F0D /* Token */ = {
			isa = PBXGroup;
			children = (
				5DA074E925E75D5300122F0D /* SelectTokenWayViewController.swift */,
				5DA074EA25E75D5300122F0D /* EnterTokenViewController.swift */,
				5DA074EB25E75D5300122F0D /* TokenPreInformationViewController.swift */,
			);
			path = Token;
			sourceTree = "<group>";
		};
		5DA074EC25E75D5300122F0D /* Initial */ = {
			isa = PBXGroup;
			children = (
				5DA074ED25E75D5300122F0D /* SelectAuthenticationMethodViewController.swift */,
				5DA074EE25E75D5300122F0D /* ContactInformationViewController.swift */,
				5DA074EF25E75D5300122F0D /* StepsTokenViewController.swift */,
				5DA074F025E75D5300122F0D /* StepsFacialViewController.swift */,
			);
			path = Initial;
			sourceTree = "<group>";
		};
		5DA074F125E75D5300122F0D /* Facial */ = {
			isa = PBXGroup;
			children = (
				5DA074F225E75D5300122F0D /* InstructionsFacialViewController.swift */,
			);
			path = Facial;
			sourceTree = "<group>";
		};
		5DA074F425E75D5300122F0D /* Dialogs */ = {
			isa = PBXGroup;
			children = (
				5DA074F525E75D5300122F0D /* AuthenticationErrorViewController.swift */,
				5DA074F625E75D5300122F0D /* AuthenticationSuccessfulViewController.swift */,
				5DA074F725E75D5300122F0D /* LimitExceededTryAnotherViewController.swift */,
				5DA074F825E75D5300122F0D /* LimitExceededViewController.swift */,
				5DA074F925E75D5300122F0D /* ConnectionErrorViewController.swift */,
			);
			path = Dialogs;
			sourceTree = "<group>";
		};
		5DA074FB25E75D5300122F0D /* Fonts */ = {
			isa = PBXGroup;
			children = (
				5DA074FC25E75D5300122F0D /* Open Sans */,
				5DA0750725E75D5300122F0D /* Roboto */,
			);
			path = Fonts;
			sourceTree = "<group>";
		};
		5DA074FC25E75D5300122F0D /* Open Sans */ = {
			isa = PBXGroup;
			children = (
				5DA074FD25E75D5300122F0D /* OpenSans-SemiBold.ttf */,
				5DA074FE25E75D5300122F0D /* OpenSans-Light.ttf */,
				5DA074FF25E75D5300122F0D /* OpenSans-Italic.ttf */,
				5DA0750025E75D5300122F0D /* OpenSans-ExtraBold.ttf */,
				5DA0750125E75D5300122F0D /* OpenSans-LightItalic.ttf */,
				5DA0750225E75D5300122F0D /* OpenSans-Bold.ttf */,
				5DA0750325E75D5300122F0D /* OpenSans-SemiBoldItalic.ttf */,
				5DA0750425E75D5300122F0D /* OpenSans-ExtraBoldItalic.ttf */,
				5DA0750525E75D5300122F0D /* OpenSans-Regular.ttf */,
				5DA0750625E75D5300122F0D /* OpenSans-BoldItalic.ttf */,
			);
			path = "Open Sans";
			sourceTree = "<group>";
		};
		5DA0750725E75D5300122F0D /* Roboto */ = {
			isa = PBXGroup;
			children = (
				5DA0750825E75D5300122F0D /* Roboto-Medium.ttf */,
				5DA0750925E75D5300122F0D /* Roboto-Light.ttf */,
				5DA0750A25E75D5300122F0D /* Roboto-Regular.ttf */,
				5DA0750B25E75D5300122F0D /* Roboto-MediumItalic.ttf */,
				5DA0750C25E75D5300122F0D /* Roboto-ThinItalic.ttf */,
				5DA0750D25E75D5300122F0D /* Roboto-BoldItalic.ttf */,
				5DA0750E25E75D5300122F0D /* Roboto-LightItalic.ttf */,
				5DA0750F25E75D5300122F0D /* Roboto-Italic.ttf */,
				5DA0751025E75D5300122F0D /* Roboto-BlackItalic.ttf */,
				5DA0751125E75D5300122F0D /* Roboto-Bold.ttf */,
				5DA0751225E75D5300122F0D /* Roboto-Thin.ttf */,
				5DA0751325E75D5300122F0D /* Roboto-Black.ttf */,
			);
			path = Roboto;
			sourceTree = "<group>";
		};
		5DA0751425E75D5300122F0D /* Helpers */ = {
			isa = PBXGroup;
			children = (
				5DA0751525E75D5300122F0D /* UINavigationBar.swift */,
				5DA0751625E75D5300122F0D /* LoaderAnimation.swift */,
				5DA0751725E75D5300122F0D /* AppStoryboard.swift */,
			);
			path = Helpers;
			sourceTree = "<group>";
		};
		5DA0751825E75D5300122F0D /* Animations */ = {
			isa = PBXGroup;
			children = (
				5DA0751925E75D5300122F0D /* profuturoAnimation.json */,
			);
			path = Animations;
			sourceTree = "<group>";
		};
/* End PBXGroup section */

/* Begin PBXHeadersBuildPhase section */
		5DA0748E25E75D3100122F0D /* Headers */ = {
			isa = PBXHeadersBuildPhase;
			buildActionMask = 2147483647;
			files = (
				5DA0749825E75D3100122F0D /* MAULibrary.h in Headers */,
			);
			runOnlyForDeploymentPostprocessing = 0;
		};
/* End PBXHeadersBuildPhase section */

/* Begin PBXNativeTarget section */
		5DA0749225E75D3100122F0D /* MAULibrary */ = {
			isa = PBXNativeTarget;
			buildConfigurationList = 5DA0749B25E75D3100122F0D /* Build configuration list for PBXNativeTarget "MAULibrary" */;
			buildPhases = (
				A48F8AF259B8F1125DE6419F /* [CP] Check Pods Manifest.lock */,
				5DA0748E25E75D3100122F0D /* Headers */,
				5DA0748F25E75D3100122F0D /* Sources */,
				5DA0749025E75D3100122F0D /* Frameworks */,
				5DA0749125E75D3100122F0D /* Resources */,
				76FE98E48127081390C60FE1 /* [CP] Copy Pods Resources */,
			);
			buildRules = (
			);
			dependencies = (
			);
			name = MAULibrary;
			productName = MAULibrary;
			productReference = 5DA0749325E75D3100122F0D /* MAULibrary.framework */;
			productType = "com.apple.product-type.framework";
		};
/* End PBXNativeTarget section */

/* Begin PBXProject section */
		5DA0748A25E75D3100122F0D /* Project object */ = {
			isa = PBXProject;
			attributes = {
				LastUpgradeCheck = 1240;
				TargetAttributes = {
					5DA0749225E75D3100122F0D = {
						CreatedOnToolsVersion = 12.4;
					};
				};
			};
			buildConfigurationList = 5DA0748D25E75D3100122F0D /* Build configuration list for PBXProject "MAULibrary" */;
			compatibilityVersion = "Xcode 9.3";
			developmentRegion = en;
			hasScannedForEncodings = 0;
			knownRegions = (
				en,
				Base,
			);
			mainGroup = 5DA0748925E75D3100122F0D;
			productRefGroup = 5DA0749425E75D3100122F0D /* Products */;
			projectDirPath = "";
			projectRoot = "";
			targets = (
				5DA0749225E75D3100122F0D /* MAULibrary */,
			);
		};
/* End PBXProject section */

/* Begin PBXResourcesBuildPhase section */
		5DA0749125E75D3100122F0D /* Resources */ = {
			isa = PBXResourcesBuildPhase;
			buildActionMask = 2147483647;
			files = (
				5DA0754825E75D5300122F0D /* OpenSans-Italic.ttf in Resources */,
				5DA0754D25E75D5300122F0D /* OpenSans-ExtraBoldItalic.ttf in Resources */,
				5DA0753025E75D5300122F0D /* Colors.xcassets in Resources */,
				5DA0755425E75D5300122F0D /* Roboto-ThinItalic.ttf in Resources */,
				5DA0755025E75D5300122F0D /* Roboto-Medium.ttf in Resources */,
				5DA0755F25E75D5300122F0D /* profuturoAnimation.json in Resources */,
				5DA0754B25E75D5300122F0D /* OpenSans-Bold.ttf in Resources */,
				5DA0754C25E75D5300122F0D /* OpenSans-SemiBoldItalic.ttf in Resources */,
				5DA0752F25E75D5300122F0D /* Dialogs.storyboard in Resources */,
				5DA0754725E75D5300122F0D /* OpenSans-Light.ttf in Resources */,
				5DA0755125E75D5300122F0D /* Roboto-Light.ttf in Resources */,
				5DA0754625E75D5300122F0D /* OpenSans-SemiBold.ttf in Resources */,
				5DA0755B25E75D5300122F0D /* Roboto-Black.ttf in Resources */,
				5DA0755625E75D5300122F0D /* Roboto-LightItalic.ttf in Resources */,
				5DA0754A25E75D5300122F0D /* OpenSans-LightItalic.ttf in Resources */,
				5DA0755725E75D5300122F0D /* Roboto-Italic.ttf in Resources */,
				5DA0755925E75D5300122F0D /* Roboto-Bold.ttf in Resources */,
				5DA0755525E75D5300122F0D /* Roboto-BoldItalic.ttf in Resources */,
				5DA0752E25E75D5300122F0D /* Initial.storyboard in Resources */,
				5DA0755A25E75D5300122F0D /* Roboto-Thin.ttf in Resources */,
				5DA0754E25E75D5300122F0D /* OpenSans-Regular.ttf in Resources */,
				5DA0755825E75D5300122F0D /* Roboto-BlackItalic.ttf in Resources */,
				5DA0753125E75D5300122F0D /* Assets.xcassets in Resources */,
				5DA0755225E75D5300122F0D /* Roboto-Regular.ttf in Resources */,
				5DA0755325E75D5300122F0D /* Roboto-MediumItalic.ttf in Resources */,
				5D0E29EC25E8389600B0452A /* Token.storyboard in Resources */,
				5DA0752C25E75D5300122F0D /* Facial.storyboard in Resources */,
				5DA0754F25E75D5300122F0D /* OpenSans-BoldItalic.ttf in Resources */,
				5DA0754925E75D5300122F0D /* OpenSans-ExtraBold.ttf in Resources */,
			);
			runOnlyForDeploymentPostprocessing = 0;
		};
/* End PBXResourcesBuildPhase section */

/* Begin PBXShellScriptBuildPhase section */
		76FE98E48127081390C60FE1 /* [CP] Copy Pods Resources */ = {
			isa = PBXShellScriptBuildPhase;
			buildActionMask = 2147483647;
			files = (
			);
			inputFileListPaths = (
				"${PODS_ROOT}/Target Support Files/Pods-MAULibrary/Pods-MAULibrary-resources-${CONFIGURATION}-input-files.xcfilelist",
			);
			name = "[CP] Copy Pods Resources";
			outputFileListPaths = (
				"${PODS_ROOT}/Target Support Files/Pods-MAULibrary/Pods-MAULibrary-resources-${CONFIGURATION}-output-files.xcfilelist",
			);
			runOnlyForDeploymentPostprocessing = 0;
			shellPath = /bin/sh;
			shellScript = "\"${PODS_ROOT}/Target Support Files/Pods-MAULibrary/Pods-MAULibrary-resources.sh\"\n";
			showEnvVarsInLog = 0;
		};
		A48F8AF259B8F1125DE6419F /* [CP] Check Pods Manifest.lock */ = {
			isa = PBXShellScriptBuildPhase;
			buildActionMask = 2147483647;
			files = (
			);
			inputFileListPaths = (
			);
			inputPaths = (
				"${PODS_PODFILE_DIR_PATH}/Podfile.lock",
				"${PODS_ROOT}/Manifest.lock",
			);
			name = "[CP] Check Pods Manifest.lock";
			outputFileListPaths = (
			);
			outputPaths = (
				"$(DERIVED_FILE_DIR)/Pods-MAULibrary-checkManifestLockResult.txt",
			);
			runOnlyForDeploymentPostprocessing = 0;
			shellPath = /bin/sh;
			shellScript = "diff \"${PODS_PODFILE_DIR_PATH}/Podfile.lock\" \"${PODS_ROOT}/Manifest.lock\" > /dev/null\nif [ $? != 0 ] ; then\n    # print error to STDERR\n    echo \"error: The sandbox is not in sync with the Podfile.lock. Run 'pod install' or update your CocoaPods installation.\" >&2\n    exit 1\nfi\n# This output is used by Xcode 'outputs' to avoid re-running this script phase.\necho \"SUCCESS\" > \"${SCRIPT_OUTPUT_FILE_0}\"\n";
			showEnvVarsInLog = 0;
		};
/* End PBXShellScriptBuildPhase section */

/* Begin PBXSourcesBuildPhase section */
		5DA0748F25E75D3100122F0D /* Sources */ = {
			isa = PBXSourcesBuildPhase;
			buildActionMask = 2147483647;
			files = (
				5DA0753D25E75D5300122F0D /* StepsFacialViewController.swift in Sources */,
				5DA0755D25E75D5300122F0D /* LoaderAnimation.swift in Sources */,
				5DA0751F25E75D5300122F0D /* ContactInformationDelegate.swift in Sources */,
				5D41D44525F18BA700E2D096 /* InstructionsFacialPresenter.swift in Sources */,
				5DA0754125E75D5300122F0D /* AuthenticationSuccessfulViewController.swift in Sources */,
				5DA0752725E75D5300122F0D /* SMSEmailTokenResponse.swift in Sources */,
				5DA0753A25E75D5300122F0D /* SelectAuthenticationMethodViewController.swift in Sources */,
				5DA0753C25E75D5300122F0D /* StepsTokenViewController.swift in Sources */,
				5DA0752625E75D5300122F0D /* ValidateTokenResponse.swift in Sources */,
				5DA0752225E75D5300122F0D /* Constants.swift in Sources */,
				5DA0753225E75D5300122F0D /* UIView.swift in Sources */,
				5DA0753325E75D5300122F0D /* UIButton.swift in Sources */,
				5DA0751D25E75D5300122F0D /* ContactInformationPresenter.swift in Sources */,
				5DA074B125E75D4C00122F0D /* APIConsumption.swift in Sources */,
				5DA074B725E75D4C00122F0D /* SavePrivacyPolicyResponse.swift in Sources */,
				5DA0754225E75D5300122F0D /* LimitExceededTryAnotherViewController.swift in Sources */,
				5DA0753B25E75D5300122F0D /* ContactInformationViewController.swift in Sources */,
				5DA0753E25E75D5300122F0D /* InstructionsFacialViewController.swift in Sources */,
				5DA0753825E75D5300122F0D /* EnterTokenViewController.swift in Sources */,
				5DA0752025E75D5300122F0D /* SelectAuthenticationMethodDelegate.swift in Sources */,
				5DA0751C25E75D5300122F0D /* SelectAuthenticationMethodPresenter.swift in Sources */,
				5DA0752425E75D5300122F0D /* CriticalyMatrixResponse.swift in Sources */,
				5DA0753725E75D5300122F0D /* SelectTokenWayViewController.swift in Sources */,
				5DA074B025E75D4C00122F0D /* ConsumptionRouter.swift in Sources */,
				5DA0753425E75D5300122F0D /* UIImage.swift in Sources */,
				5DA0753525E75D5300122F0D /* UIViewController.swift in Sources */,
				5DA0751B25E75D5300122F0D /* EnterTokenPresenter.swift in Sources */,
				5DA074AF25E75D4C00122F0D /* TokenRequests.swift in Sources */,
				5DA0752825E75D5300122F0D /* ProfileResponse.swift in Sources */,
				5DA0752925E75D5300122F0D /* String.swift in Sources */,
				5DA074B825E75D4C00122F0D /* UserRequests.swift in Sources */,
				5DA074B925E75D4C00122F0D /* MAUPaths.swift in Sources */,
				5DA0752325E75D5300122F0D /* Router.swift in Sources */,
				5DA0753F25E75D5300122F0D /* MAU.swift in Sources */,
				5DA0751E25E75D5300122F0D /* EnterTokenDelegate.swift in Sources */,
				5DA0754325E75D5300122F0D /* LimitExceededViewController.swift in Sources */,
				5DA074B625E75D4C00122F0D /* REUSResponse.swift in Sources */,
				5DA0754425E75D5300122F0D /* ConnectionErrorViewController.swift in Sources */,
				5DA0752B25E75D5300122F0D /* User.swift in Sources */,
				5DA0754025E75D5300122F0D /* AuthenticationErrorViewController.swift in Sources */,
				5DA0755E25E75D5300122F0D /* AppStoryboard.swift in Sources */,
				5D41D44925F18BC700E2D096 /* InstructionsFacialDelegate.swift in Sources */,
				5DA0753625E75D5300122F0D /* UILabel.swift in Sources */,
				5DA0752525E75D5300122F0D /* TokenResponse.swift in Sources */,
				5DA0752125E75D5300122F0D /* BaseDelegate.swift in Sources */,
				5DA074B425E75D4C00122F0D /* ARCOResponse.swift in Sources */,
				5DA0753925E75D5300122F0D /* TokenPreInformationViewController.swift in Sources */,
				5DA0752A25E75D5300122F0D /* UserDefaults.swift in Sources */,
				5DA074B525E75D4C00122F0D /* PrivacyPolicyStatusResponse.swift in Sources */,
				5DA0755C25E75D5300122F0D /* UINavigationBar.swift in Sources */,
				5DA074B225E75D4C00122F0D /* PrivacyPolicyResponse.swift in Sources */,
				5DD95E2D25F173B700C82656 /* DailyAttemptsResponse.swift in Sources */,
				5DA074B325E75D4C00122F0D /* ProfileCreationResponse.swift in Sources */,
			);
			runOnlyForDeploymentPostprocessing = 0;
		};
/* End PBXSourcesBuildPhase section */

/* Begin XCBuildConfiguration section */
		5DA0749925E75D3100122F0D /* Debug */ = {
			isa = XCBuildConfiguration;
			buildSettings = {
				ALWAYS_SEARCH_USER_PATHS = NO;
				CLANG_ANALYZER_NONNULL = YES;
				CLANG_ANALYZER_NUMBER_OBJECT_CONVERSION = YES_AGGRESSIVE;
				CLANG_CXX_LANGUAGE_STANDARD = "gnu++14";
				CLANG_CXX_LIBRARY = "libc++";
				CLANG_ENABLE_MODULES = YES;
				CLANG_ENABLE_OBJC_ARC = YES;
				CLANG_ENABLE_OBJC_WEAK = YES;
				CLANG_WARN_BLOCK_CAPTURE_AUTORELEASING = YES;
				CLANG_WARN_BOOL_CONVERSION = YES;
				CLANG_WARN_COMMA = YES;
				CLANG_WARN_CONSTANT_CONVERSION = YES;
				CLANG_WARN_DEPRECATED_OBJC_IMPLEMENTATIONS = YES;
				CLANG_WARN_DIRECT_OBJC_ISA_USAGE = YES_ERROR;
				CLANG_WARN_DOCUMENTATION_COMMENTS = YES;
				CLANG_WARN_EMPTY_BODY = YES;
				CLANG_WARN_ENUM_CONVERSION = YES;
				CLANG_WARN_INFINITE_RECURSION = YES;
				CLANG_WARN_INT_CONVERSION = YES;
				CLANG_WARN_NON_LITERAL_NULL_CONVERSION = YES;
				CLANG_WARN_OBJC_IMPLICIT_RETAIN_SELF = YES;
				CLANG_WARN_OBJC_LITERAL_CONVERSION = YES;
				CLANG_WARN_OBJC_ROOT_CLASS = YES_ERROR;
				CLANG_WARN_QUOTED_INCLUDE_IN_FRAMEWORK_HEADER = YES;
				CLANG_WARN_RANGE_LOOP_ANALYSIS = YES;
				CLANG_WARN_STRICT_PROTOTYPES = YES;
				CLANG_WARN_SUSPICIOUS_MOVE = YES;
				CLANG_WARN_UNGUARDED_AVAILABILITY = YES_AGGRESSIVE;
				CLANG_WARN_UNREACHABLE_CODE = YES;
				CLANG_WARN__DUPLICATE_METHOD_MATCH = YES;
				COPY_PHASE_STRIP = NO;
				CURRENT_PROJECT_VERSION = 1;
				DEBUG_INFORMATION_FORMAT = dwarf;
				ENABLE_BITCODE = NO;
				ENABLE_STRICT_OBJC_MSGSEND = YES;
				ENABLE_TESTABILITY = YES;
				GCC_C_LANGUAGE_STANDARD = gnu11;
				GCC_DYNAMIC_NO_PIC = NO;
				GCC_NO_COMMON_BLOCKS = YES;
				GCC_OPTIMIZATION_LEVEL = 0;
				GCC_PREPROCESSOR_DEFINITIONS = (
					"DEBUG=1",
					"$(inherited)",
				);
				GCC_WARN_64_TO_32_BIT_CONVERSION = YES;
				GCC_WARN_ABOUT_RETURN_TYPE = YES_ERROR;
				GCC_WARN_UNDECLARED_SELECTOR = YES;
				GCC_WARN_UNINITIALIZED_AUTOS = YES_AGGRESSIVE;
				GCC_WARN_UNUSED_FUNCTION = YES;
				GCC_WARN_UNUSED_VARIABLE = YES;
				IPHONEOS_DEPLOYMENT_TARGET = 14.4;
				MTL_ENABLE_DEBUG_INFO = INCLUDE_SOURCE;
				MTL_FAST_MATH = YES;
				ONLY_ACTIVE_ARCH = YES;
				SDKROOT = iphoneos;
				SWIFT_ACTIVE_COMPILATION_CONDITIONS = DEBUG;
				SWIFT_OPTIMIZATION_LEVEL = "-Onone";
				VERSIONING_SYSTEM = "apple-generic";
				VERSION_INFO_PREFIX = "";
			};
			name = Debug;
		};
		5DA0749A25E75D3100122F0D /* Release */ = {
			isa = XCBuildConfiguration;
			buildSettings = {
				ALWAYS_SEARCH_USER_PATHS = NO;
				CLANG_ANALYZER_NONNULL = YES;
				CLANG_ANALYZER_NUMBER_OBJECT_CONVERSION = YES_AGGRESSIVE;
				CLANG_CXX_LANGUAGE_STANDARD = "gnu++14";
				CLANG_CXX_LIBRARY = "libc++";
				CLANG_ENABLE_MODULES = YES;
				CLANG_ENABLE_OBJC_ARC = YES;
				CLANG_ENABLE_OBJC_WEAK = YES;
				CLANG_WARN_BLOCK_CAPTURE_AUTORELEASING = YES;
				CLANG_WARN_BOOL_CONVERSION = YES;
				CLANG_WARN_COMMA = YES;
				CLANG_WARN_CONSTANT_CONVERSION = YES;
				CLANG_WARN_DEPRECATED_OBJC_IMPLEMENTATIONS = YES;
				CLANG_WARN_DIRECT_OBJC_ISA_USAGE = YES_ERROR;
				CLANG_WARN_DOCUMENTATION_COMMENTS = YES;
				CLANG_WARN_EMPTY_BODY = YES;
				CLANG_WARN_ENUM_CONVERSION = YES;
				CLANG_WARN_INFINITE_RECURSION = YES;
				CLANG_WARN_INT_CONVERSION = YES;
				CLANG_WARN_NON_LITERAL_NULL_CONVERSION = YES;
				CLANG_WARN_OBJC_IMPLICIT_RETAIN_SELF = YES;
				CLANG_WARN_OBJC_LITERAL_CONVERSION = YES;
				CLANG_WARN_OBJC_ROOT_CLASS = YES_ERROR;
				CLANG_WARN_QUOTED_INCLUDE_IN_FRAMEWORK_HEADER = YES;
				CLANG_WARN_RANGE_LOOP_ANALYSIS = YES;
				CLANG_WARN_STRICT_PROTOTYPES = YES;
				CLANG_WARN_SUSPICIOUS_MOVE = YES;
				CLANG_WARN_UNGUARDED_AVAILABILITY = YES_AGGRESSIVE;
				CLANG_WARN_UNREACHABLE_CODE = YES;
				CLANG_WARN__DUPLICATE_METHOD_MATCH = YES;
				COPY_PHASE_STRIP = NO;
				CURRENT_PROJECT_VERSION = 1;
				DEBUG_INFORMATION_FORMAT = "dwarf-with-dsym";
				ENABLE_BITCODE = NO;
				ENABLE_NS_ASSERTIONS = NO;
				ENABLE_STRICT_OBJC_MSGSEND = YES;
				GCC_C_LANGUAGE_STANDARD = gnu11;
				GCC_NO_COMMON_BLOCKS = YES;
				GCC_WARN_64_TO_32_BIT_CONVERSION = YES;
				GCC_WARN_ABOUT_RETURN_TYPE = YES_ERROR;
				GCC_WARN_UNDECLARED_SELECTOR = YES;
				GCC_WARN_UNINITIALIZED_AUTOS = YES_AGGRESSIVE;
				GCC_WARN_UNUSED_FUNCTION = YES;
				GCC_WARN_UNUSED_VARIABLE = YES;
				IPHONEOS_DEPLOYMENT_TARGET = 14.4;
				MTL_ENABLE_DEBUG_INFO = NO;
				MTL_FAST_MATH = YES;
				SDKROOT = iphoneos;
				SWIFT_COMPILATION_MODE = wholemodule;
				SWIFT_OPTIMIZATION_LEVEL = "-O";
				VALIDATE_PRODUCT = YES;
				VERSIONING_SYSTEM = "apple-generic";
				VERSION_INFO_PREFIX = "";
			};
			name = Release;
		};
		5DA0749C25E75D3100122F0D /* Debug */ = {
			isa = XCBuildConfiguration;
			buildSettings = {
				CODE_SIGN_STYLE = Automatic;
				DEFINES_MODULE = YES;
				DEVELOPMENT_TEAM = 78CG4YWAP7;
				DYLIB_COMPATIBILITY_VERSION = 1;
				DYLIB_CURRENT_VERSION = 1;
				DYLIB_INSTALL_NAME_BASE = "@rpath";
				INFOPLIST_FILE = MAULibrary/Info.plist;
				INSTALL_PATH = "$(LOCAL_LIBRARY_DIR)/Frameworks";
				IPHONEOS_DEPLOYMENT_TARGET = 13.2;
				LD_RUNPATH_SEARCH_PATHS = (
					"$(inherited)",
					"@executable_path/Frameworks",
					"@loader_path/Frameworks",
				);
				PRODUCT_BUNDLE_IDENTIFIER = mx.com.profuturo.mau;
				PRODUCT_NAME = "$(TARGET_NAME:c99extidentifier)";
				SKIP_INSTALL = YES;
				SUPPORTS_MACCATALYST = NO;
				SWIFT_VERSION = 5.0;
				TARGETED_DEVICE_FAMILY = 1;
			};
			name = Debug;
		};
		5DA0749D25E75D3100122F0D /* Release */ = {
			isa = XCBuildConfiguration;
			buildSettings = {
				CODE_SIGN_STYLE = Automatic;
				DEFINES_MODULE = YES;
				DEVELOPMENT_TEAM = 78CG4YWAP7;
				DYLIB_COMPATIBILITY_VERSION = 1;
				DYLIB_CURRENT_VERSION = 1;
				DYLIB_INSTALL_NAME_BASE = "@rpath";
				INFOPLIST_FILE = MAULibrary/Info.plist;
				INSTALL_PATH = "$(LOCAL_LIBRARY_DIR)/Frameworks";
				IPHONEOS_DEPLOYMENT_TARGET = 13.2;
				LD_RUNPATH_SEARCH_PATHS = (
					"$(inherited)",
					"@executable_path/Frameworks",
					"@loader_path/Frameworks",
				);
				PRODUCT_BUNDLE_IDENTIFIER = mx.com.profuturo.mau;
				PRODUCT_NAME = "$(TARGET_NAME:c99extidentifier)";
				SKIP_INSTALL = YES;
				SUPPORTS_MACCATALYST = NO;
				SWIFT_VERSION = 5.0;
				TARGETED_DEVICE_FAMILY = 1;
			};
			name = Release;
		};
/* End XCBuildConfiguration section */

/* Begin XCConfigurationList section */
		5DA0748D25E75D3100122F0D /* Build configuration list for PBXProject "MAULibrary" */ = {
			isa = XCConfigurationList;
			buildConfigurations = (
				5DA0749925E75D3100122F0D /* Debug */,
				5DA0749A25E75D3100122F0D /* Release */,
			);
			defaultConfigurationIsVisible = 0;
			defaultConfigurationName = Release;
		};
		5DA0749B25E75D3100122F0D /* Build configuration list for PBXNativeTarget "MAULibrary" */ = {
			isa = XCConfigurationList;
			buildConfigurations = (
				5DA0749C25E75D3100122F0D /* Debug */,
				5DA0749D25E75D3100122F0D /* Release */,
			);
			defaultConfigurationIsVisible = 0;
			defaultConfigurationName = Release;
		};
/* End XCConfigurationList section */
	};
	rootObject = 5DA0748A25E75D3100122F0D /* Project object */;
}
