// !$*UTF8*$!
{
	archiveVersion = 1;
	classes = {
	};
	objectVersion = 51;
	objects = {

/* Begin PBXBuildFile section */
		1ECEC5058FC744EF2EA763B3 /* Pods_TestingMAU.framework in Frameworks */ = {isa = PBXBuildFile; fileRef = 42F87EDDBB82568A4E2FB84E /* Pods_TestingMAU.framework */; };
		5D467F8C25E86F780018C3BB /* license-debug.lic in Resources */ = {isa = PBXBuildFile; fileRef = 5D467F8B25E86F780018C3BB /* license-debug.lic */; };
		5D78A65B25E859C3004AFD8A /* AppDelegate.swift in Sources */ = {isa = PBXBuildFile; fileRef = 5D78A65A25E859C3004AFD8A /* AppDelegate.swift */; };
		5D78A65D25E859C3004AFD8A /* SceneDelegate.swift in Sources */ = {isa = PBXBuildFile; fileRef = 5D78A65C25E859C3004AFD8A /* SceneDelegate.swift */; };
		5D78A65F25E859C3004AFD8A /* ViewController.swift in Sources */ = {isa = PBXBuildFile; fileRef = 5D78A65E25E859C3004AFD8A /* ViewController.swift */; };
		5DE52A2F25E85BF3002BB04C /* Main.storyboard in Resources */ = {isa = PBXBuildFile; fileRef = 5D78A66025E859C3004AFD8A /* Main.storyboard */; };
/* End PBXBuildFile section */

/* Begin PBXFileReference section */
		014E5A36C3A8EFB3C7803E8D /* Pods-TestingMAU.debug.xcconfig */ = {isa = PBXFileReference; includeInIndex = 1; lastKnownFileType = text.xcconfig; name = "Pods-TestingMAU.debug.xcconfig"; path = "Target Support Files/Pods-TestingMAU/Pods-TestingMAU.debug.xcconfig"; sourceTree = "<group>"; };
		42F87EDDBB82568A4E2FB84E /* Pods_TestingMAU.framework */ = {isa = PBXFileReference; explicitFileType = wrapper.framework; includeInIndex = 0; path = Pods_TestingMAU.framework; sourceTree = BUILT_PRODUCTS_DIR; };
		5D467F8B25E86F780018C3BB /* license-debug.lic */ = {isa = PBXFileReference; fileEncoding = 4; lastKnownFileType = text; path = "license-debug.lic"; sourceTree = "<group>"; };
		5D78A65725E859C3004AFD8A /* TestingMAU.app */ = {isa = PBXFileReference; explicitFileType = wrapper.application; includeInIndex = 0; path = TestingMAU.app; sourceTree = BUILT_PRODUCTS_DIR; };
		5D78A65A25E859C3004AFD8A /* AppDelegate.swift */ = {isa = PBXFileReference; lastKnownFileType = sourcecode.swift; path = AppDelegate.swift; sourceTree = "<group>"; };
		5D78A65C25E859C3004AFD8A /* SceneDelegate.swift */ = {isa = PBXFileReference; lastKnownFileType = sourcecode.swift; path = SceneDelegate.swift; sourceTree = "<group>"; };
		5D78A65E25E859C3004AFD8A /* ViewController.swift */ = {isa = PBXFileReference; lastKnownFileType = sourcecode.swift; path = ViewController.swift; sourceTree = "<group>"; };
		5D78A66125E859C3004AFD8A /* Base */ = {isa = PBXFileReference; lastKnownFileType = file.storyboard; name = Base; path = Base.lproj/Main.storyboard; sourceTree = "<group>"; };
		5D78A66325E859C3004AFD8A /* Assets.xcassets */ = {isa = PBXFileReference; lastKnownFileType = folder.assetcatalog; path = Assets.xcassets; sourceTree = "<group>"; };
		5D78A66625E859C3004AFD8A /* Base */ = {isa = PBXFileReference; lastKnownFileType = file.storyboard; name = Base; path = Base.lproj/LaunchScreen.storyboard; sourceTree = "<group>"; };
		5D78A66825E859C3004AFD8A /* Info.plist */ = {isa = PBXFileReference; lastKnownFileType = text.plist.xml; path = Info.plist; sourceTree = "<group>"; };
		B26989E14ED6D51B39ADBDE2 /* Pods-TestingMAU.qa.xcconfig */ = {isa = PBXFileReference; includeInIndex = 1; lastKnownFileType = text.xcconfig; name = "Pods-TestingMAU.qa.xcconfig"; path = "Target Support Files/Pods-TestingMAU/Pods-TestingMAU.qa.xcconfig"; sourceTree = "<group>"; };
		B82B92136F54059BF67D7A19 /* Pods-TestingMAU.release.xcconfig */ = {isa = PBXFileReference; includeInIndex = 1; lastKnownFileType = text.xcconfig; name = "Pods-TestingMAU.release.xcconfig"; path = "Target Support Files/Pods-TestingMAU/Pods-TestingMAU.release.xcconfig"; sourceTree = "<group>"; };
/* End PBXFileReference section */

/* Begin PBXFrameworksBuildPhase section */
		5D78A65425E859C3004AFD8A /* Frameworks */ = {
			isa = PBXFrameworksBuildPhase;
			buildActionMask = 2147483647;
			files = (
				1ECEC5058FC744EF2EA763B3 /* Pods_TestingMAU.framework in Frameworks */,
			);
			runOnlyForDeploymentPostprocessing = 0;
		};
/* End PBXFrameworksBuildPhase section */

/* Begin PBXGroup section */
		0A20A8EC8486F3CE40427A62 /* Frameworks */ = {
			isa = PBXGroup;
			children = (
				42F87EDDBB82568A4E2FB84E /* Pods_TestingMAU.framework */,
			);
			name = Frameworks;
			sourceTree = "<group>";
		};
		5D467FFA25E8AEA70018C3BB /* Model */ = {
			isa = PBXGroup;
			children = (
				5D467F8B25E86F780018C3BB /* license-debug.lic */,
				5D78A66825E859C3004AFD8A /* Info.plist */,
			);
			path = Model;
			sourceTree = "<group>";
		};
		5D467FFB25E8AEB10018C3BB /* View */ = {
			isa = PBXGroup;
			children = (
				5D78A66325E859C3004AFD8A /* Assets.xcassets */,
				5D78A66025E859C3004AFD8A /* Main.storyboard */,
				5D78A66525E859C3004AFD8A /* LaunchScreen.storyboard */,
			);
			path = View;
			sourceTree = "<group>";
		};
		5D467FFC25E8AEB60018C3BB /* Controller */ = {
			isa = PBXGroup;
			children = (
				5D467FFD25E8AEBE0018C3BB /* ViewControllers */,
				5D78A65C25E859C3004AFD8A /* SceneDelegate.swift */,
				5D78A65A25E859C3004AFD8A /* AppDelegate.swift */,
			);
			path = Controller;
			sourceTree = "<group>";
		};
		5D467FFD25E8AEBE0018C3BB /* ViewControllers */ = {
			isa = PBXGroup;
			children = (
				5D78A65E25E859C3004AFD8A /* ViewController.swift */,
			);
			path = ViewControllers;
			sourceTree = "<group>";
		};
		5D78A64E25E859C3004AFD8A = {
			isa = PBXGroup;
			children = (
				5D78A65925E859C3004AFD8A /* TestingMAU */,
				5D78A65825E859C3004AFD8A /* Products */,
				0A20A8EC8486F3CE40427A62 /* Frameworks */,
				E19B55ED86280CADD0B70D34 /* Pods */,
			);
			sourceTree = "<group>";
		};
		5D78A65825E859C3004AFD8A /* Products */ = {
			isa = PBXGroup;
			children = (
				5D78A65725E859C3004AFD8A /* TestingMAU.app */,
			);
			name = Products;
			sourceTree = "<group>";
		};
		5D78A65925E859C3004AFD8A /* TestingMAU */ = {
			isa = PBXGroup;
			children = (
				5D467FFC25E8AEB60018C3BB /* Controller */,
				5D467FFB25E8AEB10018C3BB /* View */,
				5D467FFA25E8AEA70018C3BB /* Model */,
			);
			path = TestingMAU;
			sourceTree = "<group>";
		};
		E19B55ED86280CADD0B70D34 /* Pods */ = {
			isa = PBXGroup;
			children = (
				014E5A36C3A8EFB3C7803E8D /* Pods-TestingMAU.debug.xcconfig */,
				B26989E14ED6D51B39ADBDE2 /* Pods-TestingMAU.qa.xcconfig */,
				B82B92136F54059BF67D7A19 /* Pods-TestingMAU.release.xcconfig */,
			);
			path = Pods;
			sourceTree = "<group>";
		};
/* End PBXGroup section */

/* Begin PBXNativeTarget section */
		5D78A65625E859C3004AFD8A /* TestingMAU */ = {
			isa = PBXNativeTarget;
			buildConfigurationList = 5D78A66B25E859C3004AFD8A /* Build configuration list for PBXNativeTarget "TestingMAU" */;
			buildPhases = (
				14A20EA79D263CD9C48F38C4 /* [CP] Check Pods Manifest.lock */,
				5D78A65325E859C3004AFD8A /* Sources */,
				5D78A65425E859C3004AFD8A /* Frameworks */,
				5D78A65525E859C3004AFD8A /* Resources */,
				59F0BAD4825843C868BCF7AC /* [CP] Embed Pods Frameworks */,
				6D2DF36BCF96542E6BD8C09E /* [CP] Copy Pods Resources */,
			);
			buildRules = (
			);
			dependencies = (
			);
			name = TestingMAU;
			productName = TestingMAU;
			productReference = 5D78A65725E859C3004AFD8A /* TestingMAU.app */;
			productType = "com.apple.product-type.application";
		};
/* End PBXNativeTarget section */

/* Begin PBXProject section */
		5D78A64F25E859C3004AFD8A /* Project object */ = {
			isa = PBXProject;
			attributes = {
				LastSwiftUpdateCheck = 1240;
				LastUpgradeCheck = 1240;
				TargetAttributes = {
					5D78A65625E859C3004AFD8A = {
						CreatedOnToolsVersion = 12.4;
					};
				};
			};
			buildConfigurationList = 5D78A65225E859C3004AFD8A /* Build configuration list for PBXProject "TestingMAU" */;
			compatibilityVersion = "Xcode 9.3";
			developmentRegion = en;
			hasScannedForEncodings = 0;
			knownRegions = (
				en,
				Base,
			);
			mainGroup = 5D78A64E25E859C3004AFD8A;
			productRefGroup = 5D78A65825E859C3004AFD8A /* Products */;
			projectDirPath = "";
			projectRoot = "";
			targets = (
				5D78A65625E859C3004AFD8A /* TestingMAU */,
			);
		};
/* End PBXProject section */

/* Begin PBXResourcesBuildPhase section */
		5D78A65525E859C3004AFD8A /* Resources */ = {
			isa = PBXResourcesBuildPhase;
			buildActionMask = 2147483647;
			files = (
				5D467F8C25E86F780018C3BB /* license-debug.lic in Resources */,
				5DE52A2F25E85BF3002BB04C /* Main.storyboard in Resources */,
			);
			runOnlyForDeploymentPostprocessing = 0;
		};
/* End PBXResourcesBuildPhase section */

/* Begin PBXShellScriptBuildPhase section */
		14A20EA79D263CD9C48F38C4 /* [CP] Check Pods Manifest.lock */ = {
			isa = PBXShellScriptBuildPhase;
			buildActionMask = 2147483647;
			files = (
			);
			inputFileListPaths = (
			);
			inputPaths = (
				"${PODS_PODFILE_DIR_PATH}/Podfile.lock",
				"${PODS_ROOT}/Manifest.lock",
			);
			name = "[CP] Check Pods Manifest.lock";
			outputFileListPaths = (
			);
			outputPaths = (
				"$(DERIVED_FILE_DIR)/Pods-TestingMAU-checkManifestLockResult.txt",
			);
			runOnlyForDeploymentPostprocessing = 0;
			shellPath = /bin/sh;
			shellScript = "diff \"${PODS_PODFILE_DIR_PATH}/Podfile.lock\" \"${PODS_ROOT}/Manifest.lock\" > /dev/null\nif [ $? != 0 ] ; then\n    # print error to STDERR\n    echo \"error: The sandbox is not in sync with the Podfile.lock. Run 'pod install' or update your CocoaPods installation.\" >&2\n    exit 1\nfi\n# This output is used by Xcode 'outputs' to avoid re-running this script phase.\necho \"SUCCESS\" > \"${SCRIPT_OUTPUT_FILE_0}\"\n";
			showEnvVarsInLog = 0;
		};
		59F0BAD4825843C868BCF7AC /* [CP] Embed Pods Frameworks */ = {
			isa = PBXShellScriptBuildPhase;
			buildActionMask = 2147483647;
			files = (
			);
			inputFileListPaths = (
				"${PODS_ROOT}/Target Support Files/Pods-TestingMAU/Pods-TestingMAU-frameworks-${CONFIGURATION}-input-files.xcfilelist",
			);
			name = "[CP] Embed Pods Frameworks";
			outputFileListPaths = (
				"${PODS_ROOT}/Target Support Files/Pods-TestingMAU/Pods-TestingMAU-frameworks-${CONFIGURATION}-output-files.xcfilelist",
			);
			runOnlyForDeploymentPostprocessing = 0;
			shellPath = /bin/sh;
			shellScript = "\"${PODS_ROOT}/Target Support Files/Pods-TestingMAU/Pods-TestingMAU-frameworks.sh\"\n";
			showEnvVarsInLog = 0;
		};
		6D2DF36BCF96542E6BD8C09E /* [CP] Copy Pods Resources */ = {
			isa = PBXShellScriptBuildPhase;
			buildActionMask = 2147483647;
			files = (
			);
			inputFileListPaths = (
				"${PODS_ROOT}/Target Support Files/Pods-TestingMAU/Pods-TestingMAU-resources-${CONFIGURATION}-input-files.xcfilelist",
			);
			name = "[CP] Copy Pods Resources";
			outputFileListPaths = (
				"${PODS_ROOT}/Target Support Files/Pods-TestingMAU/Pods-TestingMAU-resources-${CONFIGURATION}-output-files.xcfilelist",
			);
			runOnlyForDeploymentPostprocessing = 0;
			shellPath = /bin/sh;
			shellScript = "\"${PODS_ROOT}/Target Support Files/Pods-TestingMAU/Pods-TestingMAU-resources.sh\"\n";
			showEnvVarsInLog = 0;
		};
/* End PBXShellScriptBuildPhase section */

/* Begin PBXSourcesBuildPhase section */
		5D78A65325E859C3004AFD8A /* Sources */ = {
			isa = PBXSourcesBuildPhase;
			buildActionMask = 2147483647;
			files = (
				5D78A65F25E859C3004AFD8A /* ViewController.swift in Sources */,
				5D78A65B25E859C3004AFD8A /* AppDelegate.swift in Sources */,
				5D78A65D25E859C3004AFD8A /* SceneDelegate.swift in Sources */,
			);
			runOnlyForDeploymentPostprocessing = 0;
		};
/* End PBXSourcesBuildPhase section */

/* Begin PBXVariantGroup section */
		5D78A66025E859C3004AFD8A /* Main.storyboard */ = {
			isa = PBXVariantGroup;
			children = (
				5D78A66125E859C3004AFD8A /* Base */,
			);
			name = Main.storyboard;
			sourceTree = "<group>";
		};
		5D78A66525E859C3004AFD8A /* LaunchScreen.storyboard */ = {
			isa = PBXVariantGroup;
			children = (
				5D78A66625E859C3004AFD8A /* Base */,
			);
			name = LaunchScreen.storyboard;
			sourceTree = "<group>";
		};
/* End PBXVariantGroup section */

/* Begin XCBuildConfiguration section */
		5D641B9525E8B29D006917C8 /* QA */ = {
			isa = XCBuildConfiguration;
			buildSettings = {
				ALWAYS_SEARCH_USER_PATHS = NO;
				CLANG_ANALYZER_NONNULL = YES;
				CLANG_ANALYZER_NUMBER_OBJECT_CONVERSION = YES_AGGRESSIVE;
				CLANG_CXX_LANGUAGE_STANDARD = "gnu++14";
				CLANG_CXX_LIBRARY = "libc++";
				CLANG_ENABLE_MODULES = YES;
				CLANG_ENABLE_OBJC_ARC = YES;
				CLANG_ENABLE_OBJC_WEAK = YES;
				CLANG_WARN_BLOCK_CAPTURE_AUTORELEASING = YES;
				CLANG_WARN_BOOL_CONVERSION = YES;
				CLANG_WARN_COMMA = YES;
				CLANG_WARN_CONSTANT_CONVERSION = YES;
				CLANG_WARN_DEPRECATED_OBJC_IMPLEMENTATIONS = YES;
				CLANG_WARN_DIRECT_OBJC_ISA_USAGE = YES_ERROR;
				CLANG_WARN_DOCUMENTATION_COMMENTS = YES;
				CLANG_WARN_EMPTY_BODY = YES;
				CLANG_WARN_ENUM_CONVERSION = YES;
				CLANG_WARN_INFINITE_RECURSION = YES;
				CLANG_WARN_INT_CONVERSION = YES;
				CLANG_WARN_NON_LITERAL_NULL_CONVERSION = YES;
				CLANG_WARN_OBJC_IMPLICIT_RETAIN_SELF = YES;
				CLANG_WARN_OBJC_LITERAL_CONVERSION = YES;
				CLANG_WARN_OBJC_ROOT_CLASS = YES_ERROR;
				CLANG_WARN_QUOTED_INCLUDE_IN_FRAMEWORK_HEADER = YES;
				CLANG_WARN_RANGE_LOOP_ANALYSIS = YES;
				CLANG_WARN_STRICT_PROTOTYPES = YES;
				CLANG_WARN_SUSPICIOUS_MOVE = YES;
				CLANG_WARN_UNGUARDED_AVAILABILITY = YES_AGGRESSIVE;
				CLANG_WARN_UNREACHABLE_CODE = YES;
				CLANG_WARN__DUPLICATE_METHOD_MATCH = YES;
				COPY_PHASE_STRIP = NO;
				DEBUG_INFORMATION_FORMAT = dwarf;
				ENABLE_BITCODE = NO;
				ENABLE_STRICT_OBJC_MSGSEND = YES;
				ENABLE_TESTABILITY = YES;
				GCC_C_LANGUAGE_STANDARD = gnu11;
				GCC_DYNAMIC_NO_PIC = NO;
				GCC_NO_COMMON_BLOCKS = YES;
				GCC_OPTIMIZATION_LEVEL = 0;
				GCC_PREPROCESSOR_DEFINITIONS = (
					"DEBUG=1",
					"$(inherited)",
				);
				GCC_WARN_64_TO_32_BIT_CONVERSION = YES;
				GCC_WARN_ABOUT_RETURN_TYPE = YES_ERROR;
				GCC_WARN_UNDECLARED_SELECTOR = YES;
				GCC_WARN_UNINITIALIZED_AUTOS = YES_AGGRESSIVE;
				GCC_WARN_UNUSED_FUNCTION = YES;
				GCC_WARN_UNUSED_VARIABLE = YES;
				IPHONEOS_DEPLOYMENT_TARGET = 14.4;
				MTL_ENABLE_DEBUG_INFO = INCLUDE_SOURCE;
				MTL_FAST_MATH = YES;
				ONLY_ACTIVE_ARCH = YES;
				SDKROOT = iphoneos;
				SWIFT_ACTIVE_COMPILATION_CONDITIONS = QA;
				SWIFT_OPTIMIZATION_LEVEL = "-Onone";
			};
			name = QA;
		};
		5D641B9625E8B29D006917C8 /* QA */ = {
			isa = XCBuildConfiguration;
			baseConfigurationReference = B26989E14ED6D51B39ADBDE2 /* Pods-TestingMAU.qa.xcconfig */;
			buildSettings = {
				ASSETCATALOG_COMPILER_APPICON_NAME = AppIcon;
				ASSETCATALOG_COMPILER_GLOBAL_ACCENT_COLOR_NAME = AccentColor;
				CODE_SIGN_STYLE = Automatic;
				DEVELOPMENT_TEAM = 78CG4YWAP7;
				INFOPLIST_FILE = TestingMAU/Model/Info.plist;
				LD_RUNPATH_SEARCH_PATHS = (
					"$(inherited)",
					"@executable_path/Frameworks",
				);
				PRODUCT_BUNDLE_IDENTIFIER = mx.com.profuturo.ProfuturoDigital;
				PRODUCT_NAME = "$(TARGET_NAME)";
				SWIFT_VERSION = 5.0;
				TARGETED_DEVICE_FAMILY = 1;
			};
			name = QA;
		};
		5D78A66925E859C3004AFD8A /* Debug */ = {
			isa = XCBuildConfiguration;
			buildSettings = {
				ALWAYS_SEARCH_USER_PATHS = NO;
				CLANG_ANALYZER_NONNULL = YES;
				CLANG_ANALYZER_NUMBER_OBJECT_CONVERSION = YES_AGGRESSIVE;
				CLANG_CXX_LANGUAGE_STANDARD = "gnu++14";
				CLANG_CXX_LIBRARY = "libc++";
				CLANG_ENABLE_MODULES = YES;
				CLANG_ENABLE_OBJC_ARC = YES;
				CLANG_ENABLE_OBJC_WEAK = YES;
				CLANG_WARN_BLOCK_CAPTURE_AUTORELEASING = YES;
				CLANG_WARN_BOOL_CONVERSION = YES;
				CLANG_WARN_COMMA = YES;
				CLANG_WARN_CONSTANT_CONVERSION = YES;
				CLANG_WARN_DEPRECATED_OBJC_IMPLEMENTATIONS = YES;
				CLANG_WARN_DIRECT_OBJC_ISA_USAGE = YES_ERROR;
				CLANG_WARN_DOCUMENTATION_COMMENTS = YES;
				CLANG_WARN_EMPTY_BODY = YES;
				CLANG_WARN_ENUM_CONVERSION = YES;
				CLANG_WARN_INFINITE_RECURSION = YES;
				CLANG_WARN_INT_CONVERSION = YES;
				CLANG_WARN_NON_LITERAL_NULL_CONVERSION = YES;
				CLANG_WARN_OBJC_IMPLICIT_RETAIN_SELF = YES;
				CLANG_WARN_OBJC_LITERAL_CONVERSION = YES;
				CLANG_WARN_OBJC_ROOT_CLASS = YES_ERROR;
				CLANG_WARN_QUOTED_INCLUDE_IN_FRAMEWORK_HEADER = YES;
				CLANG_WARN_RANGE_LOOP_ANALYSIS = YES;
				CLANG_WARN_STRICT_PROTOTYPES = YES;
				CLANG_WARN_SUSPICIOUS_MOVE = YES;
				CLANG_WARN_UNGUARDED_AVAILABILITY = YES_AGGRESSIVE;
				CLANG_WARN_UNREACHABLE_CODE = YES;
				CLANG_WARN__DUPLICATE_METHOD_MATCH = YES;
				COPY_PHASE_STRIP = NO;
				DEBUG_INFORMATION_FORMAT = dwarf;
				ENABLE_BITCODE = NO;
				ENABLE_STRICT_OBJC_MSGSEND = YES;
				ENABLE_TESTABILITY = YES;
				GCC_C_LANGUAGE_STANDARD = gnu11;
				GCC_DYNAMIC_NO_PIC = NO;
				GCC_NO_COMMON_BLOCKS = YES;
				GCC_OPTIMIZATION_LEVEL = 0;
				GCC_PREPROCESSOR_DEFINITIONS = (
					"DEBUG=1",
					"$(inherited)",
				);
				GCC_WARN_64_TO_32_BIT_CONVERSION = YES;
				GCC_WARN_ABOUT_RETURN_TYPE = YES_ERROR;
				GCC_WARN_UNDECLARED_SELECTOR = YES;
				GCC_WARN_UNINITIALIZED_AUTOS = YES_AGGRESSIVE;
				GCC_WARN_UNUSED_FUNCTION = YES;
				GCC_WARN_UNUSED_VARIABLE = YES;
				IPHONEOS_DEPLOYMENT_TARGET = 14.4;
				MTL_ENABLE_DEBUG_INFO = INCLUDE_SOURCE;
				MTL_FAST_MATH = YES;
				ONLY_ACTIVE_ARCH = YES;
				SDKROOT = iphoneos;
				SWIFT_ACTIVE_COMPILATION_CONDITIONS = DEBUG;
				SWIFT_OPTIMIZATION_LEVEL = "-Onone";
			};
			name = Debug;
		};
		5D78A66A25E859C3004AFD8A /* Release */ = {
			isa = XCBuildConfiguration;
			buildSettings = {
				ALWAYS_SEARCH_USER_PATHS = NO;
				CLANG_ANALYZER_NONNULL = YES;
				CLANG_ANALYZER_NUMBER_OBJECT_CONVERSION = YES_AGGRESSIVE;
				CLANG_CXX_LANGUAGE_STANDARD = "gnu++14";
				CLANG_CXX_LIBRARY = "libc++";
				CLANG_ENABLE_MODULES = YES;
				CLANG_ENABLE_OBJC_ARC = YES;
				CLANG_ENABLE_OBJC_WEAK = YES;
				CLANG_WARN_BLOCK_CAPTURE_AUTORELEASING = YES;
				CLANG_WARN_BOOL_CONVERSION = YES;
				CLANG_WARN_COMMA = YES;
				CLANG_WARN_CONSTANT_CONVERSION = YES;
				CLANG_WARN_DEPRECATED_OBJC_IMPLEMENTATIONS = YES;
				CLANG_WARN_DIRECT_OBJC_ISA_USAGE = YES_ERROR;
				CLANG_WARN_DOCUMENTATION_COMMENTS = YES;
				CLANG_WARN_EMPTY_BODY = YES;
				CLANG_WARN_ENUM_CONVERSION = YES;
				CLANG_WARN_INFINITE_RECURSION = YES;
				CLANG_WARN_INT_CONVERSION = YES;
				CLANG_WARN_NON_LITERAL_NULL_CONVERSION = YES;
				CLANG_WARN_OBJC_IMPLICIT_RETAIN_SELF = YES;
				CLANG_WARN_OBJC_LITERAL_CONVERSION = YES;
				CLANG_WARN_OBJC_ROOT_CLASS = YES_ERROR;
				CLANG_WARN_QUOTED_INCLUDE_IN_FRAMEWORK_HEADER = YES;
				CLANG_WARN_RANGE_LOOP_ANALYSIS = YES;
				CLANG_WARN_STRICT_PROTOTYPES = YES;
				CLANG_WARN_SUSPICIOUS_MOVE = YES;
				CLANG_WARN_UNGUARDED_AVAILABILITY = YES_AGGRESSIVE;
				CLANG_WARN_UNREACHABLE_CODE = YES;
				CLANG_WARN__DUPLICATE_METHOD_MATCH = YES;
				COPY_PHASE_STRIP = NO;
				DEBUG_INFORMATION_FORMAT = "dwarf-with-dsym";
				ENABLE_BITCODE = NO;
				ENABLE_NS_ASSERTIONS = NO;
				ENABLE_STRICT_OBJC_MSGSEND = YES;
				GCC_C_LANGUAGE_STANDARD = gnu11;
				GCC_NO_COMMON_BLOCKS = YES;
				GCC_WARN_64_TO_32_BIT_CONVERSION = YES;
				GCC_WARN_ABOUT_RETURN_TYPE = YES_ERROR;
				GCC_WARN_UNDECLARED_SELECTOR = YES;
				GCC_WARN_UNINITIALIZED_AUTOS = YES_AGGRESSIVE;
				GCC_WARN_UNUSED_FUNCTION = YES;
				GCC_WARN_UNUSED_VARIABLE = YES;
				IPHONEOS_DEPLOYMENT_TARGET = 14.4;
				MTL_ENABLE_DEBUG_INFO = NO;
				MTL_FAST_MATH = YES;
				SDKROOT = iphoneos;
				SWIFT_ACTIVE_COMPILATION_CONDITIONS = RELEASE;
				SWIFT_COMPILATION_MODE = wholemodule;
				SWIFT_OPTIMIZATION_LEVEL = "-O";
				VALIDATE_PRODUCT = YES;
			};
			name = Release;
		};
		5D78A66C25E859C3004AFD8A /* Debug */ = {
			isa = XCBuildConfiguration;
			baseConfigurationReference = 014E5A36C3A8EFB3C7803E8D /* Pods-TestingMAU.debug.xcconfig */;
			buildSettings = {
				ASSETCATALOG_COMPILER_APPICON_NAME = AppIcon;
				ASSETCATALOG_COMPILER_GLOBAL_ACCENT_COLOR_NAME = AccentColor;
				CODE_SIGN_STYLE = Automatic;
				DEVELOPMENT_TEAM = 78CG4YWAP7;
				INFOPLIST_FILE = TestingMAU/Model/Info.plist;
				LD_RUNPATH_SEARCH_PATHS = (
					"$(inherited)",
					"@executable_path/Frameworks",
				);
				PRODUCT_BUNDLE_IDENTIFIER = mx.com.profuturo.ProfuturoDigital;
				PRODUCT_NAME = "$(TARGET_NAME)";
				SWIFT_VERSION = 5.0;
				TARGETED_DEVICE_FAMILY = 1;
			};
			name = Debug;
		};
		5D78A66D25E859C3004AFD8A /* Release */ = {
			isa = XCBuildConfiguration;
			baseConfigurationReference = B82B92136F54059BF67D7A19 /* Pods-TestingMAU.release.xcconfig */;
			buildSettings = {
				ASSETCATALOG_COMPILER_APPICON_NAME = AppIcon;
				ASSETCATALOG_COMPILER_GLOBAL_ACCENT_COLOR_NAME = AccentColor;
				CODE_SIGN_STYLE = Automatic;
				DEVELOPMENT_TEAM = 78CG4YWAP7;
				INFOPLIST_FILE = TestingMAU/Model/Info.plist;
				LD_RUNPATH_SEARCH_PATHS = (
					"$(inherited)",
					"@executable_path/Frameworks",
				);
				PRODUCT_BUNDLE_IDENTIFIER = mx.com.profuturo.ProfuturoDigital;
				PRODUCT_NAME = "$(TARGET_NAME)";
				SWIFT_VERSION = 5.0;
				TARGETED_DEVICE_FAMILY = 1;
			};
			name = Release;
		};
/* End XCBuildConfiguration section */

/* Begin XCConfigurationList section */
		5D78A65225E859C3004AFD8A /* Build configuration list for PBXProject "TestingMAU" */ = {
			isa = XCConfigurationList;
			buildConfigurations = (
				5D78A66925E859C3004AFD8A /* Debug */,
				5D641B9525E8B29D006917C8 /* QA */,
				5D78A66A25E859C3004AFD8A /* Release */,
			);
			defaultConfigurationIsVisible = 0;
			defaultConfigurationName = Release;
		};
		5D78A66B25E859C3004AFD8A /* Build configuration list for PBXNativeTarget "TestingMAU" */ = {
			isa = XCConfigurationList;
			buildConfigurations = (
				5D78A66C25E859C3004AFD8A /* Debug */,
				5D641B9625E8B29D006917C8 /* QA */,
				5D78A66D25E859C3004AFD8A /* Release */,
			);
			defaultConfigurationIsVisible = 0;
			defaultConfigurationName = Release;
		};
/* End XCConfigurationList section */
	};
	rootObject = 5D78A64F25E859C3004AFD8A /* Project object */;
}
